// !$*UTF8*$!
{
	archiveVersion = 1;
	classes = {
	};
	objectVersion = 46;
	objects = {

/* Begin PBXBuildFile section */
		35C5262C85734F568EDCBD4E /* libPods-NTConnotation.a in Frameworks */ = {isa = PBXBuildFile; fileRef = 4A2BCC1A90E33CFD3FB26EC6 /* libPods-NTConnotation.a */; };
		6A25D0361D21A51E00BACA9D /* main.m in Sources */ = {isa = PBXBuildFile; fileRef = 6A25D02F1D21A51E00BACA9D /* main.m */; };
		6A2C17691D35433D0084B354 /* NTLoginViewController.m in Sources */ = {isa = PBXBuildFile; fileRef = 6A2C17601D35433D0084B354 /* NTLoginViewController.m */; };
		6A2C176A1D35433D0084B354 /* NTLoginViewController.xib in Resources */ = {isa = PBXBuildFile; fileRef = 6A2C17611D35433D0084B354 /* NTLoginViewController.xib */; };
		6A2C176B1D35433D0084B354 /* NTNavigationController.m in Sources */ = {isa = PBXBuildFile; fileRef = 6A2C17631D35433D0084B354 /* NTNavigationController.m */; };
		6A2C176C1D35433D0084B354 /* NTTabBarViewController.m in Sources */ = {isa = PBXBuildFile; fileRef = 6A2C17651D35433D0084B354 /* NTTabBarViewController.m */; };
		6A2C176D1D35433D0084B354 /* NTTabBar.m in Sources */ = {isa = PBXBuildFile; fileRef = 6A2C17681D35433D0084B354 /* NTTabBar.m */; };
		6A2C17701D3549340084B354 /* NTQuickLoginButton.m in Sources */ = {isa = PBXBuildFile; fileRef = 6A2C176F1D3549340084B354 /* NTQuickLoginButton.m */; };
		6A3B51711D2D682A0099A284 /* NTAttentionViewController.m in Sources */ = {isa = PBXBuildFile; fileRef = 6A3B516F1D2D682A0099A284 /* NTAttentionViewController.m */; };
		6A3B51791D2D68D80099A284 /* NTAttentionViewController.xib in Resources */ = {isa = PBXBuildFile; fileRef = 6A3B51781D2D68D80099A284 /* NTAttentionViewController.xib */; };
		6A45FE6E1D2CEEDC0005B813 /* NTEssenceTableViewController.m in Sources */ = {isa = PBXBuildFile; fileRef = 6A45FE6D1D2CEEDC0005B813 /* NTEssenceTableViewController.m */; };
		6A45FE711D2CEEF80005B813 /* NTLatestTableViewController.m in Sources */ = {isa = PBXBuildFile; fileRef = 6A45FE701D2CEEF80005B813 /* NTLatestTableViewController.m */; };
		6A45FE771D2CEF1A0005B813 /* NTInformationTableViewController.m in Sources */ = {isa = PBXBuildFile; fileRef = 6A45FE761D2CEF1A0005B813 /* NTInformationTableViewController.m */; };
		6A45FE801D2CF5610005B813 /* NTTestViewController.m in Sources */ = {isa = PBXBuildFile; fileRef = 6A45FE7F1D2CF5610005B813 /* NTTestViewController.m */; };
		6A45FE831D2CF5E90005B813 /* UIBarButtonItem+Custom.m in Sources */ = {isa = PBXBuildFile; fileRef = 6A45FE821D2CF5E90005B813 /* UIBarButtonItem+Custom.m */; };
		6A5FE0F11D4DC98A00AA8BD8 /* NTInformationTableViewCell.m in Sources */ = {isa = PBXBuildFile; fileRef = 6A5FE0F01D4DC98A00AA8BD8 /* NTInformationTableViewCell.m */; };
		6A8E92C71D1C5F8200C502B1 /* Assets.xcassets in Resources */ = {isa = PBXBuildFile; fileRef = 6A8E92C61D1C5F8200C502B1 /* Assets.xcassets */; };
		6A8E92D51D1C5F8200C502B1 /* NTConnotationTests.m in Sources */ = {isa = PBXBuildFile; fileRef = 6A8E92D41D1C5F8200C502B1 /* NTConnotationTests.m */; };
		6A8E92E01D1C5F8200C502B1 /* NTConnotationUITests.m in Sources */ = {isa = PBXBuildFile; fileRef = 6A8E92DF1D1C5F8200C502B1 /* NTConnotationUITests.m */; };
		6A9467AE1D4E26FD00C4ADB6 /* NTInformationFooterView.m in Sources */ = {isa = PBXBuildFile; fileRef = 6A9467AD1D4E26FD00C4ADB6 /* NTInformationFooterView.m */; };
		6AF25E811D4CBEF400F693F0 /* NTTextField.m in Sources */ = {isa = PBXBuildFile; fileRef = 6AF25E801D4CBEF400F693F0 /* NTTextField.m */; };
		6AFE0D7B1D22EBDD008045C0 /* UIButton+Extension.m in Sources */ = {isa = PBXBuildFile; fileRef = 6AFE0D781D22EBDD008045C0 /* UIButton+Extension.m */; };
		6AFE0D7C1D22EBDD008045C0 /* UIView+Extension.m in Sources */ = {isa = PBXBuildFile; fileRef = 6AFE0D7A1D22EBDD008045C0 /* UIView+Extension.m */; };
		6AFE0D7F1D22EC5E008045C0 /* AppDelegate.m in Sources */ = {isa = PBXBuildFile; fileRef = 6AFE0D7E1D22EC5E008045C0 /* AppDelegate.m */; };
		97C413D0CC4A6A0434C035A4 /* libPods-NTConnotationUITests.a in Frameworks */ = {isa = PBXBuildFile; fileRef = BF3DBCBE0CA4191E7466ACCD /* libPods-NTConnotationUITests.a */; };
		9B305672D68A57E1E21529E1 /* libPods-NTConnotationTests.a in Frameworks */ = {isa = PBXBuildFile; fileRef = B8ECEBDF8A5CA927F8C52AF3 /* libPods-NTConnotationTests.a */; };
/* End PBXBuildFile section */

/* Begin PBXContainerItemProxy section */
		6A8E92D11D1C5F8200C502B1 /* PBXContainerItemProxy */ = {
			isa = PBXContainerItemProxy;
			containerPortal = 6A8E92AF1D1C5F8200C502B1 /* Project object */;
			proxyType = 1;
			remoteGlobalIDString = 6A8E92B61D1C5F8200C502B1;
			remoteInfo = NTConnotation;
		};
		6A8E92DC1D1C5F8200C502B1 /* PBXContainerItemProxy */ = {
			isa = PBXContainerItemProxy;
			containerPortal = 6A8E92AF1D1C5F8200C502B1 /* Project object */;
			proxyType = 1;
			remoteGlobalIDString = 6A8E92B61D1C5F8200C502B1;
			remoteInfo = NTConnotation;
		};
/* End PBXContainerItemProxy section */

/* Begin PBXFileReference section */
		0C3D778D6E4D218B68B5281D /* Pods-NTConnotation.release.xcconfig */ = {isa = PBXFileReference; includeInIndex = 1; lastKnownFileType = text.xcconfig; name = "Pods-NTConnotation.release.xcconfig"; path = "Pods/Target Support Files/Pods-NTConnotation/Pods-NTConnotation.release.xcconfig"; sourceTree = "<group>"; };
		321217780E3537383E8A2B98 /* Pods-NTConnotation.debug.xcconfig */ = {isa = PBXFileReference; includeInIndex = 1; lastKnownFileType = text.xcconfig; name = "Pods-NTConnotation.debug.xcconfig"; path = "Pods/Target Support Files/Pods-NTConnotation/Pods-NTConnotation.debug.xcconfig"; sourceTree = "<group>"; };
		4A2BCC1A90E33CFD3FB26EC6 /* libPods-NTConnotation.a */ = {isa = PBXFileReference; explicitFileType = archive.ar; includeInIndex = 0; path = "libPods-NTConnotation.a"; sourceTree = BUILT_PRODUCTS_DIR; };
		6A25D02F1D21A51E00BACA9D /* main.m */ = {isa = PBXFileReference; fileEncoding = 4; lastKnownFileType = sourcecode.c.objc; path = main.m; sourceTree = "<group>"; };
		6A25D0301D21A51E00BACA9D /* PrefixHeader.pch */ = {isa = PBXFileReference; fileEncoding = 4; lastKnownFileType = sourcecode.c.h; path = PrefixHeader.pch; sourceTree = "<group>"; };
		6A2C175F1D35433D0084B354 /* NTLoginViewController.h */ = {isa = PBXFileReference; fileEncoding = 4; lastKnownFileType = sourcecode.c.h; path = NTLoginViewController.h; sourceTree = "<group>"; };
		6A2C17601D35433D0084B354 /* NTLoginViewController.m */ = {isa = PBXFileReference; fileEncoding = 4; lastKnownFileType = sourcecode.c.objc; path = NTLoginViewController.m; sourceTree = "<group>"; };
		6A2C17611D35433D0084B354 /* NTLoginViewController.xib */ = {isa = PBXFileReference; fileEncoding = 4; lastKnownFileType = file.xib; path = NTLoginViewController.xib; sourceTree = "<group>"; };
		6A2C17621D35433D0084B354 /* NTNavigationController.h */ = {isa = PBXFileReference; fileEncoding = 4; lastKnownFileType = sourcecode.c.h; path = NTNavigationController.h; sourceTree = "<group>"; };
		6A2C17631D35433D0084B354 /* NTNavigationController.m */ = {isa = PBXFileReference; fileEncoding = 4; lastKnownFileType = sourcecode.c.objc; path = NTNavigationController.m; sourceTree = "<group>"; };
		6A2C17641D35433D0084B354 /* NTTabBarViewController.h */ = {isa = PBXFileReference; fileEncoding = 4; lastKnownFileType = sourcecode.c.h; path = NTTabBarViewController.h; sourceTree = "<group>"; };
		6A2C17651D35433D0084B354 /* NTTabBarViewController.m */ = {isa = PBXFileReference; fileEncoding = 4; lastKnownFileType = sourcecode.c.objc; path = NTTabBarViewController.m; sourceTree = "<group>"; };
		6A2C17671D35433D0084B354 /* NTTabBar.h */ = {isa = PBXFileReference; fileEncoding = 4; lastKnownFileType = sourcecode.c.h; path = NTTabBar.h; sourceTree = "<group>"; };
		6A2C17681D35433D0084B354 /* NTTabBar.m */ = {isa = PBXFileReference; fileEncoding = 4; lastKnownFileType = sourcecode.c.objc; path = NTTabBar.m; sourceTree = "<group>"; };
		6A2C176E1D3549340084B354 /* NTQuickLoginButton.h */ = {isa = PBXFileReference; fileEncoding = 4; lastKnownFileType = sourcecode.c.h; path = NTQuickLoginButton.h; sourceTree = "<group>"; };
		6A2C176F1D3549340084B354 /* NTQuickLoginButton.m */ = {isa = PBXFileReference; fileEncoding = 4; lastKnownFileType = sourcecode.c.objc; path = NTQuickLoginButton.m; sourceTree = "<group>"; };
		6A3B516E1D2D682A0099A284 /* NTAttentionViewController.h */ = {isa = PBXFileReference; fileEncoding = 4; lastKnownFileType = sourcecode.c.h; path = NTAttentionViewController.h; sourceTree = "<group>"; };
		6A3B516F1D2D682A0099A284 /* NTAttentionViewController.m */ = {isa = PBXFileReference; fileEncoding = 4; lastKnownFileType = sourcecode.c.objc; path = NTAttentionViewController.m; sourceTree = "<group>"; };
		6A3B51781D2D68D80099A284 /* NTAttentionViewController.xib */ = {isa = PBXFileReference; fileEncoding = 4; lastKnownFileType = file.xib; path = NTAttentionViewController.xib; sourceTree = "<group>"; };
		6A45FE6C1D2CEEDC0005B813 /* NTEssenceTableViewController.h */ = {isa = PBXFileReference; fileEncoding = 4; lastKnownFileType = sourcecode.c.h; path = NTEssenceTableViewController.h; sourceTree = "<group>"; };
		6A45FE6D1D2CEEDC0005B813 /* NTEssenceTableViewController.m */ = {isa = PBXFileReference; fileEncoding = 4; lastKnownFileType = sourcecode.c.objc; path = NTEssenceTableViewController.m; sourceTree = "<group>"; };
		6A45FE6F1D2CEEF80005B813 /* NTLatestTableViewController.h */ = {isa = PBXFileReference; fileEncoding = 4; lastKnownFileType = sourcecode.c.h; path = NTLatestTableViewController.h; sourceTree = "<group>"; };
		6A45FE701D2CEEF80005B813 /* NTLatestTableViewController.m */ = {isa = PBXFileReference; fileEncoding = 4; lastKnownFileType = sourcecode.c.objc; path = NTLatestTableViewController.m; sourceTree = "<group>"; };
		6A45FE751D2CEF1A0005B813 /* NTInformationTableViewController.h */ = {isa = PBXFileReference; fileEncoding = 4; lastKnownFileType = sourcecode.c.h; path = NTInformationTableViewController.h; sourceTree = "<group>"; };
		6A45FE761D2CEF1A0005B813 /* NTInformationTableViewController.m */ = {isa = PBXFileReference; fileEncoding = 4; lastKnownFileType = sourcecode.c.objc; path = NTInformationTableViewController.m; sourceTree = "<group>"; };
		6A45FE7E1D2CF5610005B813 /* NTTestViewController.h */ = {isa = PBXFileReference; fileEncoding = 4; lastKnownFileType = sourcecode.c.h; path = NTTestViewController.h; sourceTree = "<group>"; };
		6A45FE7F1D2CF5610005B813 /* NTTestViewController.m */ = {isa = PBXFileReference; fileEncoding = 4; lastKnownFileType = sourcecode.c.objc; path = NTTestViewController.m; sourceTree = "<group>"; };
		6A45FE811D2CF5E90005B813 /* UIBarButtonItem+Custom.h */ = {isa = PBXFileReference; fileEncoding = 4; lastKnownFileType = sourcecode.c.h; path = "UIBarButtonItem+Custom.h"; sourceTree = "<group>"; };
		6A45FE821D2CF5E90005B813 /* UIBarButtonItem+Custom.m */ = {isa = PBXFileReference; fileEncoding = 4; lastKnownFileType = sourcecode.c.objc; path = "UIBarButtonItem+Custom.m"; sourceTree = "<group>"; };
		6A5FE0EF1D4DC98A00AA8BD8 /* NTInformationTableViewCell.h */ = {isa = PBXFileReference; fileEncoding = 4; lastKnownFileType = sourcecode.c.h; path = NTInformationTableViewCell.h; sourceTree = "<group>"; };
		6A5FE0F01D4DC98A00AA8BD8 /* NTInformationTableViewCell.m */ = {isa = PBXFileReference; fileEncoding = 4; lastKnownFileType = sourcecode.c.objc; path = NTInformationTableViewCell.m; sourceTree = "<group>"; };
		6A8E92B71D1C5F8200C502B1 /* NTConnotation.app */ = {isa = PBXFileReference; explicitFileType = wrapper.application; includeInIndex = 0; path = NTConnotation.app; sourceTree = BUILT_PRODUCTS_DIR; };
		6A8E92C61D1C5F8200C502B1 /* Assets.xcassets */ = {isa = PBXFileReference; lastKnownFileType = folder.assetcatalog; path = Assets.xcassets; sourceTree = "<group>"; };
		6A8E92CB1D1C5F8200C502B1 /* Info.plist */ = {isa = PBXFileReference; lastKnownFileType = text.plist.xml; path = Info.plist; sourceTree = "<group>"; };
		6A8E92D01D1C5F8200C502B1 /* NTConnotationTests.xctest */ = {isa = PBXFileReference; explicitFileType = wrapper.cfbundle; includeInIndex = 0; path = NTConnotationTests.xctest; sourceTree = BUILT_PRODUCTS_DIR; };
		6A8E92D41D1C5F8200C502B1 /* NTConnotationTests.m */ = {isa = PBXFileReference; lastKnownFileType = sourcecode.c.objc; path = NTConnotationTests.m; sourceTree = "<group>"; };
		6A8E92D61D1C5F8200C502B1 /* Info.plist */ = {isa = PBXFileReference; lastKnownFileType = text.plist.xml; path = Info.plist; sourceTree = "<group>"; };
		6A8E92DB1D1C5F8200C502B1 /* NTConnotationUITests.xctest */ = {isa = PBXFileReference; explicitFileType = wrapper.cfbundle; includeInIndex = 0; path = NTConnotationUITests.xctest; sourceTree = BUILT_PRODUCTS_DIR; };
		6A8E92DF1D1C5F8200C502B1 /* NTConnotationUITests.m */ = {isa = PBXFileReference; lastKnownFileType = sourcecode.c.objc; path = NTConnotationUITests.m; sourceTree = "<group>"; };
		6A8E92E11D1C5F8200C502B1 /* Info.plist */ = {isa = PBXFileReference; lastKnownFileType = text.plist.xml; path = Info.plist; sourceTree = "<group>"; };
		6A9467AC1D4E26FD00C4ADB6 /* NTInformationFooterView.h */ = {isa = PBXFileReference; fileEncoding = 4; lastKnownFileType = sourcecode.c.h; path = NTInformationFooterView.h; sourceTree = "<group>"; };
		6A9467AD1D4E26FD00C4ADB6 /* NTInformationFooterView.m */ = {isa = PBXFileReference; fileEncoding = 4; lastKnownFileType = sourcecode.c.objc; path = NTInformationFooterView.m; sourceTree = "<group>"; };
		6AF25E7F1D4CBEF400F693F0 /* NTTextField.h */ = {isa = PBXFileReference; fileEncoding = 4; lastKnownFileType = sourcecode.c.h; path = NTTextField.h; sourceTree = "<group>"; };
		6AF25E801D4CBEF400F693F0 /* NTTextField.m */ = {isa = PBXFileReference; fileEncoding = 4; lastKnownFileType = sourcecode.c.objc; path = NTTextField.m; sourceTree = "<group>"; };
		6AFE0D771D22EBDD008045C0 /* UIButton+Extension.h */ = {isa = PBXFileReference; fileEncoding = 4; lastKnownFileType = sourcecode.c.h; path = "UIButton+Extension.h"; sourceTree = "<group>"; };
		6AFE0D781D22EBDD008045C0 /* UIButton+Extension.m */ = {isa = PBXFileReference; fileEncoding = 4; lastKnownFileType = sourcecode.c.objc; path = "UIButton+Extension.m"; sourceTree = "<group>"; };
		6AFE0D791D22EBDD008045C0 /* UIView+Extension.h */ = {isa = PBXFileReference; fileEncoding = 4; lastKnownFileType = sourcecode.c.h; path = "UIView+Extension.h"; sourceTree = "<group>"; };
		6AFE0D7A1D22EBDD008045C0 /* UIView+Extension.m */ = {isa = PBXFileReference; fileEncoding = 4; lastKnownFileType = sourcecode.c.objc; path = "UIView+Extension.m"; sourceTree = "<group>"; };
		6AFE0D7D1D22EC5E008045C0 /* AppDelegate.h */ = {isa = PBXFileReference; fileEncoding = 4; lastKnownFileType = sourcecode.c.h; path = AppDelegate.h; sourceTree = "<group>"; };
		6AFE0D7E1D22EC5E008045C0 /* AppDelegate.m */ = {isa = PBXFileReference; fileEncoding = 4; lastKnownFileType = sourcecode.c.objc; path = AppDelegate.m; sourceTree = "<group>"; };
		74555818CDFEFDB1C5C2F1BD /* Pods-NTConnotationUITests.debug.xcconfig */ = {isa = PBXFileReference; includeInIndex = 1; lastKnownFileType = text.xcconfig; name = "Pods-NTConnotationUITests.debug.xcconfig"; path = "Pods/Target Support Files/Pods-NTConnotationUITests/Pods-NTConnotationUITests.debug.xcconfig"; sourceTree = "<group>"; };
		9D97A81491C418B1EBA4287F /* Pods-NTConnotationUITests.release.xcconfig */ = {isa = PBXFileReference; includeInIndex = 1; lastKnownFileType = text.xcconfig; name = "Pods-NTConnotationUITests.release.xcconfig"; path = "Pods/Target Support Files/Pods-NTConnotationUITests/Pods-NTConnotationUITests.release.xcconfig"; sourceTree = "<group>"; };
		ACE6249BA34434B811D90B8A /* Pods-NTConnotationTests.debug.xcconfig */ = {isa = PBXFileReference; includeInIndex = 1; lastKnownFileType = text.xcconfig; name = "Pods-NTConnotationTests.debug.xcconfig"; path = "Pods/Target Support Files/Pods-NTConnotationTests/Pods-NTConnotationTests.debug.xcconfig"; sourceTree = "<group>"; };
		B7FF94F2A1E7748018FFB1CC /* Pods-NTConnotationTests.release.xcconfig */ = {isa = PBXFileReference; includeInIndex = 1; lastKnownFileType = text.xcconfig; name = "Pods-NTConnotationTests.release.xcconfig"; path = "Pods/Target Support Files/Pods-NTConnotationTests/Pods-NTConnotationTests.release.xcconfig"; sourceTree = "<group>"; };
		B8ECEBDF8A5CA927F8C52AF3 /* libPods-NTConnotationTests.a */ = {isa = PBXFileReference; explicitFileType = archive.ar; includeInIndex = 0; path = "libPods-NTConnotationTests.a"; sourceTree = BUILT_PRODUCTS_DIR; };
		BF3DBCBE0CA4191E7466ACCD /* libPods-NTConnotationUITests.a */ = {isa = PBXFileReference; explicitFileType = archive.ar; includeInIndex = 0; path = "libPods-NTConnotationUITests.a"; sourceTree = BUILT_PRODUCTS_DIR; };
/* End PBXFileReference section */

/* Begin PBXFrameworksBuildPhase section */
		6A8E92B41D1C5F8200C502B1 /* Frameworks */ = {
			isa = PBXFrameworksBuildPhase;
			buildActionMask = 2147483647;
			files = (
				35C5262C85734F568EDCBD4E /* libPods-NTConnotation.a in Frameworks */,
			);
			runOnlyForDeploymentPostprocessing = 0;
		};
		6A8E92CD1D1C5F8200C502B1 /* Frameworks */ = {
			isa = PBXFrameworksBuildPhase;
			buildActionMask = 2147483647;
			files = (
				9B305672D68A57E1E21529E1 /* libPods-NTConnotationTests.a in Frameworks */,
			);
			runOnlyForDeploymentPostprocessing = 0;
		};
		6A8E92D81D1C5F8200C502B1 /* Frameworks */ = {
			isa = PBXFrameworksBuildPhase;
			buildActionMask = 2147483647;
			files = (
				97C413D0CC4A6A0434C035A4 /* libPods-NTConnotationUITests.a in Frameworks */,
			);
			runOnlyForDeploymentPostprocessing = 0;
		};
/* End PBXFrameworksBuildPhase section */

/* Begin PBXGroup section */
		14144840747F74E6EF967F52 /* Frameworks */ = {
			isa = PBXGroup;
			children = (
				4A2BCC1A90E33CFD3FB26EC6 /* libPods-NTConnotation.a */,
				B8ECEBDF8A5CA927F8C52AF3 /* libPods-NTConnotationTests.a */,
				BF3DBCBE0CA4191E7466ACCD /* libPods-NTConnotationUITests.a */,
			);
			name = Frameworks;
			sourceTree = "<group>";
		};
		6A25D02E1D21A51E00BACA9D /* Others */ = {
			isa = PBXGroup;
			children = (
				6AFE0D7D1D22EC5E008045C0 /* AppDelegate.h */,
				6AFE0D7E1D22EC5E008045C0 /* AppDelegate.m */,
				6A25D02F1D21A51E00BACA9D /* main.m */,
				6A25D0301D21A51E00BACA9D /* PrefixHeader.pch */,
			);
			path = Others;
			sourceTree = "<group>";
		};
		6A25D0311D21A51E00BACA9D /* Primary */ = {
			isa = PBXGroup;
			children = (
				6A2C175E1D35433D0084B354 /* Controller */,
				6A2C17661D35433D0084B354 /* View */,
			);
			path = Primary;
			sourceTree = "<group>";
		};
		6A2C175E1D35433D0084B354 /* Controller */ = {
			isa = PBXGroup;
			children = (
				6A2C175F1D35433D0084B354 /* NTLoginViewController.h */,
				6A2C17601D35433D0084B354 /* NTLoginViewController.m */,
				6A2C17611D35433D0084B354 /* NTLoginViewController.xib */,
				6A2C17621D35433D0084B354 /* NTNavigationController.h */,
				6A2C17631D35433D0084B354 /* NTNavigationController.m */,
				6A2C17641D35433D0084B354 /* NTTabBarViewController.h */,
				6A2C17651D35433D0084B354 /* NTTabBarViewController.m */,
			);
			path = Controller;
			sourceTree = "<group>";
		};
		6A2C17661D35433D0084B354 /* View */ = {
			isa = PBXGroup;
			children = (
				6A2C17671D35433D0084B354 /* NTTabBar.h */,
				6A2C17681D35433D0084B354 /* NTTabBar.m */,
				6A2C176E1D3549340084B354 /* NTQuickLoginButton.h */,
				6A2C176F1D3549340084B354 /* NTQuickLoginButton.m */,
				6AF25E7F1D4CBEF400F693F0 /* NTTextField.h */,
				6AF25E801D4CBEF400F693F0 /* NTTextField.m */,
			);
			path = View;
			sourceTree = "<group>";
		};
		6A3B516D1D2D682A0099A284 /* Class */ = {
			isa = PBXGroup;
			children = (
				6A3B516E1D2D682A0099A284 /* NTAttentionViewController.h */,
				6A3B516F1D2D682A0099A284 /* NTAttentionViewController.m */,
			);
			path = Class;
			sourceTree = "<group>";
		};
		6A3B51771D2D68B50099A284 /* Xib */ = {
			isa = PBXGroup;
			children = (
				6A3B51781D2D68D80099A284 /* NTAttentionViewController.xib */,
			);
			path = Xib;
			sourceTree = "<group>";
		};
		6A45FE601D2CEB790005B813 /* Controller */ = {
			isa = PBXGroup;
			children = (
				6A45FE6C1D2CEEDC0005B813 /* NTEssenceTableViewController.h */,
				6A45FE6D1D2CEEDC0005B813 /* NTEssenceTableViewController.m */,
				6A45FE7E1D2CF5610005B813 /* NTTestViewController.h */,
				6A45FE7F1D2CF5610005B813 /* NTTestViewController.m */,
			);
			path = Controller;
			sourceTree = "<group>";
		};
		6A45FE611D2CEB790005B813 /* Model */ = {
			isa = PBXGroup;
			children = (
			);
			path = Model;
			sourceTree = "<group>";
		};
		6A45FE621D2CEB790005B813 /* View */ = {
			isa = PBXGroup;
			children = (
			);
			path = View;
			sourceTree = "<group>";
		};
		6A45FE631D2CEB850005B813 /* Controller */ = {
			isa = PBXGroup;
			children = (
				6A45FE6F1D2CEEF80005B813 /* NTLatestTableViewController.h */,
				6A45FE701D2CEEF80005B813 /* NTLatestTableViewController.m */,
			);
			path = Controller;
			sourceTree = "<group>";
		};
		6A45FE641D2CEB850005B813 /* Model */ = {
			isa = PBXGroup;
			children = (
			);
			path = Model;
			sourceTree = "<group>";
		};
		6A45FE651D2CEB850005B813 /* View */ = {
			isa = PBXGroup;
			children = (
			);
			path = View;
			sourceTree = "<group>";
		};
		6A45FE661D2CEB940005B813 /* Controller */ = {
			isa = PBXGroup;
			children = (
				6A3B516D1D2D682A0099A284 /* Class */,
				6A3B51771D2D68B50099A284 /* Xib */,
			);
			path = Controller;
			sourceTree = "<group>";
		};
		6A45FE671D2CEB940005B813 /* Model */ = {
			isa = PBXGroup;
			children = (
			);
			path = Model;
			sourceTree = "<group>";
		};
		6A45FE681D2CEB940005B813 /* View */ = {
			isa = PBXGroup;
			children = (
			);
			path = View;
			sourceTree = "<group>";
		};
		6A45FE691D2CEB9B0005B813 /* Controller */ = {
			isa = PBXGroup;
			children = (
				6A45FE751D2CEF1A0005B813 /* NTInformationTableViewController.h */,
				6A45FE761D2CEF1A0005B813 /* NTInformationTableViewController.m */,
			);
			path = Controller;
			sourceTree = "<group>";
		};
		6A45FE6A1D2CEB9B0005B813 /* Model */ = {
			isa = PBXGroup;
			children = (
			);
			path = Model;
			sourceTree = "<group>";
		};
		6A5FE0EE1D4DC97900AA8BD8 /* View */ = {
			isa = PBXGroup;
			children = (
				6A5FE0EF1D4DC98A00AA8BD8 /* NTInformationTableViewCell.h */,
				6A5FE0F01D4DC98A00AA8BD8 /* NTInformationTableViewCell.m */,
				6A9467AC1D4E26FD00C4ADB6 /* NTInformationFooterView.h */,
				6A9467AD1D4E26FD00C4ADB6 /* NTInformationFooterView.m */,
			);
			path = View;
			sourceTree = "<group>";
		};
		6A8E92AE1D1C5F8200C502B1 = {
			isa = PBXGroup;
			children = (
				6A8E92B91D1C5F8200C502B1 /* NTConnotation */,
				6A8E92D31D1C5F8200C502B1 /* NTConnotationTests */,
				6A8E92DE1D1C5F8200C502B1 /* NTConnotationUITests */,
				6A8E92B81D1C5F8200C502B1 /* Products */,
				B237F37FAA963FC550F6B4CE /* Pods */,
				14144840747F74E6EF967F52 /* Frameworks */,
			);
			sourceTree = "<group>";
		};
		6A8E92B81D1C5F8200C502B1 /* Products */ = {
			isa = PBXGroup;
			children = (
				6A8E92B71D1C5F8200C502B1 /* NTConnotation.app */,
				6A8E92D01D1C5F8200C502B1 /* NTConnotationTests.xctest */,
				6A8E92DB1D1C5F8200C502B1 /* NTConnotationUITests.xctest */,
			);
			name = Products;
			sourceTree = "<group>";
		};
		6A8E92B91D1C5F8200C502B1 /* NTConnotation */ = {
			isa = PBXGroup;
			children = (
				6A9865891D21A04C0091206B /* Main */,
				6A9865861D21A04C0091206B /* Essence */,
				6A9865881D21A04C0091206B /* Latest */,
				6A9865851D21A04C0091206B /* Attention */,
				6A9865871D21A04C0091206B /* Information */,
				6A8E92BA1D1C5F8200C502B1 /* Supporting Files */,
			);
			path = NTConnotation;
			sourceTree = "<group>";
		};
		6A8E92BA1D1C5F8200C502B1 /* Supporting Files */ = {
			isa = PBXGroup;
			children = (
				6A8E92C61D1C5F8200C502B1 /* Assets.xcassets */,
				6A8E92CB1D1C5F8200C502B1 /* Info.plist */,
			);
			name = "Supporting Files";
			sourceTree = "<group>";
		};
		6A8E92D31D1C5F8200C502B1 /* NTConnotationTests */ = {
			isa = PBXGroup;
			children = (
				6A8E92D41D1C5F8200C502B1 /* NTConnotationTests.m */,
				6A8E92D61D1C5F8200C502B1 /* Info.plist */,
			);
			path = NTConnotationTests;
			sourceTree = "<group>";
		};
		6A8E92DE1D1C5F8200C502B1 /* NTConnotationUITests */ = {
			isa = PBXGroup;
			children = (
				6A8E92DF1D1C5F8200C502B1 /* NTConnotationUITests.m */,
				6A8E92E11D1C5F8200C502B1 /* Info.plist */,
			);
			path = NTConnotationUITests;
			sourceTree = "<group>";
		};
		6A9865851D21A04C0091206B /* Attention */ = {
			isa = PBXGroup;
			children = (
				6A45FE661D2CEB940005B813 /* Controller */,
				6A45FE671D2CEB940005B813 /* Model */,
				6A45FE681D2CEB940005B813 /* View */,
			);
			path = Attention;
			sourceTree = "<group>";
		};
		6A9865861D21A04C0091206B /* Essence */ = {
			isa = PBXGroup;
			children = (
				6A45FE601D2CEB790005B813 /* Controller */,
				6A45FE611D2CEB790005B813 /* Model */,
				6A45FE621D2CEB790005B813 /* View */,
			);
			path = Essence;
			sourceTree = "<group>";
		};
		6A9865871D21A04C0091206B /* Information */ = {
			isa = PBXGroup;
			children = (
				6A45FE691D2CEB9B0005B813 /* Controller */,
				6A45FE6A1D2CEB9B0005B813 /* Model */,
				6A5FE0EE1D4DC97900AA8BD8 /* View */,
			);
			path = Information;
			sourceTree = "<group>";
		};
		6A9865881D21A04C0091206B /* Latest */ = {
			isa = PBXGroup;
			children = (
				6A45FE631D2CEB850005B813 /* Controller */,
				6A45FE641D2CEB850005B813 /* Model */,
				6A45FE651D2CEB850005B813 /* View */,
			);
			path = Latest;
			sourceTree = "<group>";
		};
		6A9865891D21A04C0091206B /* Main */ = {
			isa = PBXGroup;
			children = (
				6A25D0311D21A51E00BACA9D /* Primary */,
				6A25D02E1D21A51E00BACA9D /* Others */,
				6AFE0D761D22EBDD008045C0 /* Category */,
			);
			path = Main;
			sourceTree = "<group>";
		};
		6AFE0D761D22EBDD008045C0 /* Category */ = {
			isa = PBXGroup;
			children = (
				6AFE0D771D22EBDD008045C0 /* UIButton+Extension.h */,
				6AFE0D781D22EBDD008045C0 /* UIButton+Extension.m */,
				6AFE0D791D22EBDD008045C0 /* UIView+Extension.h */,
				6AFE0D7A1D22EBDD008045C0 /* UIView+Extension.m */,
				6A45FE811D2CF5E90005B813 /* UIBarButtonItem+Custom.h */,
				6A45FE821D2CF5E90005B813 /* UIBarButtonItem+Custom.m */,
			);
			path = Category;
			sourceTree = "<group>";
		};
		B237F37FAA963FC550F6B4CE /* Pods */ = {
			isa = PBXGroup;
			children = (
				321217780E3537383E8A2B98 /* Pods-NTConnotation.debug.xcconfig */,
				0C3D778D6E4D218B68B5281D /* Pods-NTConnotation.release.xcconfig */,
				ACE6249BA34434B811D90B8A /* Pods-NTConnotationTests.debug.xcconfig */,
				B7FF94F2A1E7748018FFB1CC /* Pods-NTConnotationTests.release.xcconfig */,
				74555818CDFEFDB1C5C2F1BD /* Pods-NTConnotationUITests.debug.xcconfig */,
				9D97A81491C418B1EBA4287F /* Pods-NTConnotationUITests.release.xcconfig */,
			);
			name = Pods;
			sourceTree = "<group>";
		};
/* End PBXGroup section */

/* Begin PBXNativeTarget section */
		6A8E92B61D1C5F8200C502B1 /* NTConnotation */ = {
			isa = PBXNativeTarget;
			buildConfigurationList = 6A8E92E41D1C5F8200C502B1 /* Build configuration list for PBXNativeTarget "NTConnotation" */;
			buildPhases = (
				435D9CF8C5373096817AFFFE /* [CP] Check Pods Manifest.lock */,
				6A8E92B31D1C5F8200C502B1 /* Sources */,
				6A8E92B41D1C5F8200C502B1 /* Frameworks */,
				6A8E92B51D1C5F8200C502B1 /* Resources */,
				D370A193BAC255346DE1776E /* [CP] Embed Pods Frameworks */,
				59E73228299B203C9A723895 /* [CP] Copy Pods Resources */,
			);
			buildRules = (
			);
			dependencies = (
			);
			name = NTConnotation;
			productName = NTConnotation;
			productReference = 6A8E92B71D1C5F8200C502B1 /* NTConnotation.app */;
			productType = "com.apple.product-type.application";
		};
		6A8E92CF1D1C5F8200C502B1 /* NTConnotationTests */ = {
			isa = PBXNativeTarget;
			buildConfigurationList = 6A8E92E71D1C5F8200C502B1 /* Build configuration list for PBXNativeTarget "NTConnotationTests" */;
			buildPhases = (
				AE3A384E031B27195C288C16 /* [CP] Check Pods Manifest.lock */,
				6A8E92CC1D1C5F8200C502B1 /* Sources */,
				6A8E92CD1D1C5F8200C502B1 /* Frameworks */,
				6A8E92CE1D1C5F8200C502B1 /* Resources */,
				41300BC19CBB3E6F3B0FBB8F /* [CP] Embed Pods Frameworks */,
				4CECAA4226514760E10D5756 /* [CP] Copy Pods Resources */,
			);
			buildRules = (
			);
			dependencies = (
				6A8E92D21D1C5F8200C502B1 /* PBXTargetDependency */,
			);
			name = NTConnotationTests;
			productName = NTConnotationTests;
			productReference = 6A8E92D01D1C5F8200C502B1 /* NTConnotationTests.xctest */;
			productType = "com.apple.product-type.bundle.unit-test";
		};
		6A8E92DA1D1C5F8200C502B1 /* NTConnotationUITests */ = {
			isa = PBXNativeTarget;
			buildConfigurationList = 6A8E92EA1D1C5F8200C502B1 /* Build configuration list for PBXNativeTarget "NTConnotationUITests" */;
			buildPhases = (
				D0C283CD4587B02CCCDE7372 /* [CP] Check Pods Manifest.lock */,
				6A8E92D71D1C5F8200C502B1 /* Sources */,
				6A8E92D81D1C5F8200C502B1 /* Frameworks */,
				6A8E92D91D1C5F8200C502B1 /* Resources */,
				0F86F1FA2ADC4019AE7DC290 /* [CP] Copy Pods Resources */,
			);
			buildRules = (
			);
			dependencies = (
				6A8E92DD1D1C5F8200C502B1 /* PBXTargetDependency */,
			);
			name = NTConnotationUITests;
			productName = NTConnotationUITests;
			productReference = 6A8E92DB1D1C5F8200C502B1 /* NTConnotationUITests.xctest */;
			productType = "com.apple.product-type.bundle.ui-testing";
		};
/* End PBXNativeTarget section */

/* Begin PBXProject section */
		6A8E92AF1D1C5F8200C502B1 /* Project object */ = {
			isa = PBXProject;
			attributes = {
				CLASSPREFIX = NT;
				LastUpgradeCheck = 0730;
				ORGANIZATIONNAME = nineteen;
				TargetAttributes = {
					6A8E92B61D1C5F8200C502B1 = {
						CreatedOnToolsVersion = 7.3.1;
						DevelopmentTeam = 43H54M6JEQ;
					};
					6A8E92CF1D1C5F8200C502B1 = {
						CreatedOnToolsVersion = 7.3.1;
						DevelopmentTeam = 43H54M6JEQ;
						TestTargetID = 6A8E92B61D1C5F8200C502B1;
					};
					6A8E92DA1D1C5F8200C502B1 = {
						CreatedOnToolsVersion = 7.3.1;
						DevelopmentTeam = 43H54M6JEQ;
						TestTargetID = 6A8E92B61D1C5F8200C502B1;
					};
				};
			};
			buildConfigurationList = 6A8E92B21D1C5F8200C502B1 /* Build configuration list for PBXProject "NTConnotation" */;
			compatibilityVersion = "Xcode 3.2";
			developmentRegion = English;
			hasScannedForEncodings = 0;
			knownRegions = (
				en,
				Base,
			);
			mainGroup = 6A8E92AE1D1C5F8200C502B1;
			productRefGroup = 6A8E92B81D1C5F8200C502B1 /* Products */;
			projectDirPath = "";
			projectRoot = "";
			targets = (
				6A8E92B61D1C5F8200C502B1 /* NTConnotation */,
				6A8E92CF1D1C5F8200C502B1 /* NTConnotationTests */,
				6A8E92DA1D1C5F8200C502B1 /* NTConnotationUITests */,
			);
		};
/* End PBXProject section */

/* Begin PBXResourcesBuildPhase section */
		6A8E92B51D1C5F8200C502B1 /* Resources */ = {
			isa = PBXResourcesBuildPhase;
			buildActionMask = 2147483647;
			files = (
				6A8E92C71D1C5F8200C502B1 /* Assets.xcassets in Resources */,
				6A2C176A1D35433D0084B354 /* NTLoginViewController.xib in Resources */,
				6A3B51791D2D68D80099A284 /* NTAttentionViewController.xib in Resources */,
			);
			runOnlyForDeploymentPostprocessing = 0;
		};
		6A8E92CE1D1C5F8200C502B1 /* Resources */ = {
			isa = PBXResourcesBuildPhase;
			buildActionMask = 2147483647;
			files = (
			);
			runOnlyForDeploymentPostprocessing = 0;
		};
		6A8E92D91D1C5F8200C502B1 /* Resources */ = {
			isa = PBXResourcesBuildPhase;
			buildActionMask = 2147483647;
			files = (
			);
			runOnlyForDeploymentPostprocessing = 0;
		};
/* End PBXResourcesBuildPhase section */

/* Begin PBXShellScriptBuildPhase section */
		0F86F1FA2ADC4019AE7DC290 /* [CP] Copy Pods Resources */ = {
			isa = PBXShellScriptBuildPhase;
			buildActionMask = 2147483647;
			files = (
			);
			inputPaths = (
			);
			name = "[CP] Copy Pods Resources";
			outputPaths = (
			);
			runOnlyForDeploymentPostprocessing = 0;
			shellPath = /bin/sh;
			shellScript = "\"${SRCROOT}/Pods/Target Support Files/Pods-NTConnotationUITests/Pods-NTConnotationUITests-resources.sh\"\n";
			showEnvVarsInLog = 0;
		};
		41300BC19CBB3E6F3B0FBB8F /* [CP] Embed Pods Frameworks */ = {
			isa = PBXShellScriptBuildPhase;
			buildActionMask = 2147483647;
			files = (
			);
			inputPaths = (
			);
			name = "[CP] Embed Pods Frameworks";
			outputPaths = (
			);
			runOnlyForDeploymentPostprocessing = 0;
			shellPath = /bin/sh;
			shellScript = "\"${SRCROOT}/Pods/Target Support Files/Pods-NTConnotationTests/Pods-NTConnotationTests-frameworks.sh\"\n";
			showEnvVarsInLog = 0;
		};
		435D9CF8C5373096817AFFFE /* [CP] Check Pods Manifest.lock */ = {
			isa = PBXShellScriptBuildPhase;
			buildActionMask = 2147483647;
			files = (
			);
			inputPaths = (
			);
			name = "[CP] Check Pods Manifest.lock";
			outputPaths = (
			);
			runOnlyForDeploymentPostprocessing = 0;
			shellPath = /bin/sh;
			shellScript = "diff \"${PODS_ROOT}/../Podfile.lock\" \"${PODS_ROOT}/Manifest.lock\" > /dev/null\nif [[ $? != 0 ]] ; then\n    cat << EOM\nerror: The sandbox is not in sync with the Podfile.lock. Run 'pod install' or update your CocoaPods installation.\nEOM\n    exit 1\nfi\n";
			showEnvVarsInLog = 0;
		};
		4CECAA4226514760E10D5756 /* [CP] Copy Pods Resources */ = {
			isa = PBXShellScriptBuildPhase;
			buildActionMask = 2147483647;
			files = (
			);
			inputPaths = (
			);
			name = "[CP] Copy Pods Resources";
			outputPaths = (
			);
			runOnlyForDeploymentPostprocessing = 0;
			shellPath = /bin/sh;
			shellScript = "\"${SRCROOT}/Pods/Target Support Files/Pods-NTConnotationTests/Pods-NTConnotationTests-resources.sh\"\n";
			showEnvVarsInLog = 0;
		};
		59E73228299B203C9A723895 /* [CP] Copy Pods Resources */ = {
			isa = PBXShellScriptBuildPhase;
			buildActionMask = 2147483647;
			files = (
			);
			inputPaths = (
			);
			name = "[CP] Copy Pods Resources";
			outputPaths = (
			);
			runOnlyForDeploymentPostprocessing = 0;
			shellPath = /bin/sh;
			shellScript = "\"${SRCROOT}/Pods/Target Support Files/Pods-NTConnotation/Pods-NTConnotation-resources.sh\"\n";
			showEnvVarsInLog = 0;
		};
		AE3A384E031B27195C288C16 /* [CP] Check Pods Manifest.lock */ = {
			isa = PBXShellScriptBuildPhase;
			buildActionMask = 2147483647;
			files = (
			);
			inputPaths = (
			);
			name = "[CP] Check Pods Manifest.lock";
			outputPaths = (
			);
			runOnlyForDeploymentPostprocessing = 0;
			shellPath = /bin/sh;
			shellScript = "diff \"${PODS_ROOT}/../Podfile.lock\" \"${PODS_ROOT}/Manifest.lock\" > /dev/null\nif [[ $? != 0 ]] ; then\n    cat << EOM\nerror: The sandbox is not in sync with the Podfile.lock. Run 'pod install' or update your CocoaPods installation.\nEOM\n    exit 1\nfi\n";
			showEnvVarsInLog = 0;
		};
		D0C283CD4587B02CCCDE7372 /* [CP] Check Pods Manifest.lock */ = {
			isa = PBXShellScriptBuildPhase;
			buildActionMask = 2147483647;
			files = (
			);
			inputPaths = (
			);
			name = "[CP] Check Pods Manifest.lock";
			outputPaths = (
			);
			runOnlyForDeploymentPostprocessing = 0;
			shellPath = /bin/sh;
			shellScript = "diff \"${PODS_ROOT}/../Podfile.lock\" \"${PODS_ROOT}/Manifest.lock\" > /dev/null\nif [[ $? != 0 ]] ; then\n    cat << EOM\nerror: The sandbox is not in sync with the Podfile.lock. Run 'pod install' or update your CocoaPods installation.\nEOM\n    exit 1\nfi\n";
			showEnvVarsInLog = 0;
		};
		D370A193BAC255346DE1776E /* [CP] Embed Pods Frameworks */ = {
			isa = PBXShellScriptBuildPhase;
			buildActionMask = 2147483647;
			files = (
			);
			inputPaths = (
			);
			name = "[CP] Embed Pods Frameworks";
			outputPaths = (
			);
			runOnlyForDeploymentPostprocessing = 0;
			shellPath = /bin/sh;
			shellScript = "\"${SRCROOT}/Pods/Target Support Files/Pods-NTConnotation/Pods-NTConnotation-frameworks.sh\"\n";
			showEnvVarsInLog = 0;
		};
/* End PBXShellScriptBuildPhase section */

/* Begin PBXSourcesBuildPhase section */
		6A8E92B31D1C5F8200C502B1 /* Sources */ = {
			isa = PBXSourcesBuildPhase;
			buildActionMask = 2147483647;
			files = (
				6AFE0D7C1D22EBDD008045C0 /* UIView+Extension.m in Sources */,
				6A2C176D1D35433D0084B354 /* NTTabBar.m in Sources */,
				6A45FE801D2CF5610005B813 /* NTTestViewController.m in Sources */,
				6AF25E811D4CBEF400F693F0 /* NTTextField.m in Sources */,
				6A2C17691D35433D0084B354 /* NTLoginViewController.m in Sources */,
				6A45FE771D2CEF1A0005B813 /* NTInformationTableViewController.m in Sources */,
				6A5FE0F11D4DC98A00AA8BD8 /* NTInformationTableViewCell.m in Sources */,
				6A2C176C1D35433D0084B354 /* NTTabBarViewController.m in Sources */,
				6A2C17701D3549340084B354 /* NTQuickLoginButton.m in Sources */,
				6A3B51711D2D682A0099A284 /* NTAttentionViewController.m in Sources */,
				6A2C176B1D35433D0084B354 /* NTNavigationController.m in Sources */,
				6AFE0D7F1D22EC5E008045C0 /* AppDelegate.m in Sources */,
				6AFE0D7B1D22EBDD008045C0 /* UIButton+Extension.m in Sources */,
				6A45FE6E1D2CEEDC0005B813 /* NTEssenceTableViewController.m in Sources */,
				6A45FE831D2CF5E90005B813 /* UIBarButtonItem+Custom.m in Sources */,
				6A45FE711D2CEEF80005B813 /* NTLatestTableViewController.m in Sources */,
				6A9467AE1D4E26FD00C4ADB6 /* NTInformationFooterView.m in Sources */,
				6A25D0361D21A51E00BACA9D /* main.m in Sources */,
			);
			runOnlyForDeploymentPostprocessing = 0;
		};
		6A8E92CC1D1C5F8200C502B1 /* Sources */ = {
			isa = PBXSourcesBuildPhase;
			buildActionMask = 2147483647;
			files = (
				6A8E92D51D1C5F8200C502B1 /* NTConnotationTests.m in Sources */,
			);
			runOnlyForDeploymentPostprocessing = 0;
		};
		6A8E92D71D1C5F8200C502B1 /* Sources */ = {
			isa = PBXSourcesBuildPhase;
			buildActionMask = 2147483647;
			files = (
				6A8E92E01D1C5F8200C502B1 /* NTConnotationUITests.m in Sources */,
			);
			runOnlyForDeploymentPostprocessing = 0;
		};
/* End PBXSourcesBuildPhase section */

/* Begin PBXTargetDependency section */
		6A8E92D21D1C5F8200C502B1 /* PBXTargetDependency */ = {
			isa = PBXTargetDependency;
			target = 6A8E92B61D1C5F8200C502B1 /* NTConnotation */;
			targetProxy = 6A8E92D11D1C5F8200C502B1 /* PBXContainerItemProxy */;
		};
		6A8E92DD1D1C5F8200C502B1 /* PBXTargetDependency */ = {
			isa = PBXTargetDependency;
			target = 6A8E92B61D1C5F8200C502B1 /* NTConnotation */;
			targetProxy = 6A8E92DC1D1C5F8200C502B1 /* PBXContainerItemProxy */;
		};
/* End PBXTargetDependency section */

/* Begin XCBuildConfiguration section */
		6A8E92E21D1C5F8200C502B1 /* Debug */ = {
			isa = XCBuildConfiguration;
			buildSettings = {
				ALWAYS_SEARCH_USER_PATHS = NO;
				CLANG_ANALYZER_NONNULL = YES;
				CLANG_CXX_LANGUAGE_STANDARD = "gnu++0x";
				CLANG_CXX_LIBRARY = "libc++";
				CLANG_ENABLE_MODULES = YES;
				CLANG_ENABLE_OBJC_ARC = YES;
				CLANG_WARN_BOOL_CONVERSION = YES;
				CLANG_WARN_CONSTANT_CONVERSION = YES;
				CLANG_WARN_DIRECT_OBJC_ISA_USAGE = YES_ERROR;
				CLANG_WARN_EMPTY_BODY = YES;
				CLANG_WARN_ENUM_CONVERSION = YES;
				CLANG_WARN_INT_CONVERSION = YES;
				CLANG_WARN_OBJC_ROOT_CLASS = YES_ERROR;
				CLANG_WARN_UNREACHABLE_CODE = YES;
				CLANG_WARN__DUPLICATE_METHOD_MATCH = YES;
				"CODE_SIGN_IDENTITY[sdk=iphoneos*]" = "iPhone Developer";
				COPY_PHASE_STRIP = NO;
				DEBUG_INFORMATION_FORMAT = dwarf;
				ENABLE_STRICT_OBJC_MSGSEND = YES;
				ENABLE_TESTABILITY = YES;
				GCC_C_LANGUAGE_STANDARD = gnu99;
				GCC_DYNAMIC_NO_PIC = NO;
				GCC_NO_COMMON_BLOCKS = YES;
				GCC_OPTIMIZATION_LEVEL = 0;
				GCC_PREPROCESSOR_DEFINITIONS = (
					"DEBUG=1",
					"$(inherited)",
				);
				GCC_WARN_64_TO_32_BIT_CONVERSION = YES;
				GCC_WARN_ABOUT_RETURN_TYPE = YES_ERROR;
				GCC_WARN_UNDECLARED_SELECTOR = YES;
				GCC_WARN_UNINITIALIZED_AUTOS = YES_AGGRESSIVE;
				GCC_WARN_UNUSED_FUNCTION = YES;
				GCC_WARN_UNUSED_VARIABLE = YES;
				IPHONEOS_DEPLOYMENT_TARGET = 9.3;
				MTL_ENABLE_DEBUG_INFO = YES;
				ONLY_ACTIVE_ARCH = YES;
				SDKROOT = iphoneos;
			};
			name = Debug;
		};
		6A8E92E31D1C5F8200C502B1 /* Release */ = {
			isa = XCBuildConfiguration;
			buildSettings = {
				ALWAYS_SEARCH_USER_PATHS = NO;
				CLANG_ANALYZER_NONNULL = YES;
				CLANG_CXX_LANGUAGE_STANDARD = "gnu++0x";
				CLANG_CXX_LIBRARY = "libc++";
				CLANG_ENABLE_MODULES = YES;
				CLANG_ENABLE_OBJC_ARC = YES;
				CLANG_WARN_BOOL_CONVERSION = YES;
				CLANG_WARN_CONSTANT_CONVERSION = YES;
				CLANG_WARN_DIRECT_OBJC_ISA_USAGE = YES_ERROR;
				CLANG_WARN_EMPTY_BODY = YES;
				CLANG_WARN_ENUM_CONVERSION = YES;
				CLANG_WARN_INT_CONVERSION = YES;
				CLANG_WARN_OBJC_ROOT_CLASS = YES_ERROR;
				CLANG_WARN_UNREACHABLE_CODE = YES;
				CLANG_WARN__DUPLICATE_METHOD_MATCH = YES;
				"CODE_SIGN_IDENTITY[sdk=iphoneos*]" = "iPhone Developer";
				COPY_PHASE_STRIP = NO;
				DEBUG_INFORMATION_FORMAT = "dwarf-with-dsym";
				ENABLE_NS_ASSERTIONS = NO;
				ENABLE_STRICT_OBJC_MSGSEND = YES;
				GCC_C_LANGUAGE_STANDARD = gnu99;
				GCC_NO_COMMON_BLOCKS = YES;
				GCC_WARN_64_TO_32_BIT_CONVERSION = YES;
				GCC_WARN_ABOUT_RETURN_TYPE = YES_ERROR;
				GCC_WARN_UNDECLARED_SELECTOR = YES;
				GCC_WARN_UNINITIALIZED_AUTOS = YES_AGGRESSIVE;
				GCC_WARN_UNUSED_FUNCTION = YES;
				GCC_WARN_UNUSED_VARIABLE = YES;
				IPHONEOS_DEPLOYMENT_TARGET = 9.3;
				MTL_ENABLE_DEBUG_INFO = NO;
				SDKROOT = iphoneos;
				VALIDATE_PRODUCT = YES;
			};
			name = Release;
		};
		6A8E92E51D1C5F8200C502B1 /* Debug */ = {
			isa = XCBuildConfiguration;
			baseConfigurationReference = 321217780E3537383E8A2B98 /* Pods-NTConnotation.debug.xcconfig */;
			buildSettings = {
				ASSETCATALOG_COMPILER_APPICON_NAME = AppIcon;
				ASSETCATALOG_COMPILER_LAUNCHIMAGE_NAME = LaunchImage;
				GCC_PRECOMPILE_PREFIX_HEADER = YES;
				GCC_PREFIX_HEADER = "$(SRCROOT)/NTConnotation/Main/Others/PrefixHeader.pch";
				INFOPLIST_FILE = NTConnotation/Info.plist;
				LD_RUNPATH_SEARCH_PATHS = "$(inherited) @executable_path/Frameworks";
				PRODUCT_BUNDLE_IDENTIFIER = me.nineteen.NTConnotation;
				PRODUCT_NAME = "$(TARGET_NAME)";
			};
			name = Debug;
		};
		6A8E92E61D1C5F8200C502B1 /* Release */ = {
			isa = XCBuildConfiguration;
			baseConfigurationReference = 0C3D778D6E4D218B68B5281D /* Pods-NTConnotation.release.xcconfig */;
			buildSettings = {
				ASSETCATALOG_COMPILER_APPICON_NAME = AppIcon;
				ASSETCATALOG_COMPILER_LAUNCHIMAGE_NAME = LaunchImage;
				GCC_PRECOMPILE_PREFIX_HEADER = YES;
				GCC_PREFIX_HEADER = "$(SRCROOT)/NTConnotation/Main/Others/PrefixHeader.pch";
				INFOPLIST_FILE = NTConnotation/Info.plist;
				LD_RUNPATH_SEARCH_PATHS = "$(inherited) @executable_path/Frameworks";
				PRODUCT_BUNDLE_IDENTIFIER = me.nineteen.NTConnotation;
				PRODUCT_NAME = "$(TARGET_NAME)";
			};
			name = Release;
		};
		6A8E92E81D1C5F8200C502B1 /* Debug */ = {
			isa = XCBuildConfiguration;
			baseConfigurationReference = ACE6249BA34434B811D90B8A /* Pods-NTConnotationTests.debug.xcconfig */;
			buildSettings = {
				BUNDLE_LOADER = "$(TEST_HOST)";
				INFOPLIST_FILE = NTConnotationTests/Info.plist;
				LD_RUNPATH_SEARCH_PATHS = "$(inherited) @executable_path/Frameworks @loader_path/Frameworks";
				PRODUCT_BUNDLE_IDENTIFIER = me.nineteen.NTConnotationTests;
				PRODUCT_NAME = "$(TARGET_NAME)";
				TEST_HOST = "$(BUILT_PRODUCTS_DIR)/NTConnotation.app/NTConnotation";
			};
			name = Debug;
		};
		6A8E92E91D1C5F8200C502B1 /* Release */ = {
			isa = XCBuildConfiguration;
			baseConfigurationReference = B7FF94F2A1E7748018FFB1CC /* Pods-NTConnotationTests.release.xcconfig */;
			buildSettings = {
				BUNDLE_LOADER = "$(TEST_HOST)";
				INFOPLIST_FILE = NTConnotationTests/Info.plist;
				LD_RUNPATH_SEARCH_PATHS = "$(inherited) @executable_path/Frameworks @loader_path/Frameworks";
				PRODUCT_BUNDLE_IDENTIFIER = me.nineteen.NTConnotationTests;
				PRODUCT_NAME = "$(TARGET_NAME)";
				TEST_HOST = "$(BUILT_PRODUCTS_DIR)/NTConnotation.app/NTConnotation";
			};
			name = Release;
		};
		6A8E92EB1D1C5F8200C502B1 /* Debug */ = {
			isa = XCBuildConfiguration;
			baseConfigurationReference = 74555818CDFEFDB1C5C2F1BD /* Pods-NTConnotationUITests.debug.xcconfig */;
			buildSettings = {
				INFOPLIST_FILE = NTConnotationUITests/Info.plist;
				LD_RUNPATH_SEARCH_PATHS = "$(inherited) @executable_path/Frameworks @loader_path/Frameworks";
				PRODUCT_BUNDLE_IDENTIFIER = me.nineteen.NTConnotationUITests;
				PRODUCT_NAME = "$(TARGET_NAME)";
				TEST_TARGET_NAME = NTConnotation;
			};
			name = Debug;
		};
		6A8E92EC1D1C5F8200C502B1 /* Release */ = {
			isa = XCBuildConfiguration;
			baseConfigurationReference = 9D97A81491C418B1EBA4287F /* Pods-NTConnotationUITests.release.xcconfig */;
			buildSettings = {
				INFOPLIST_FILE = NTConnotationUITests/Info.plist;
				LD_RUNPATH_SEARCH_PATHS = "$(inherited) @executable_path/Frameworks @loader_path/Frameworks";
				PRODUCT_BUNDLE_IDENTIFIER = me.nineteen.NTConnotationUITests;
				PRODUCT_NAME = "$(TARGET_NAME)";
				TEST_TARGET_NAME = NTConnotation;
			};
			name = Release;
		};
/* End XCBuildConfiguration section */

/* Begin XCConfigurationList section */
		6A8E92B21D1C5F8200C502B1 /* Build configuration list for PBXProject "NTConnotation" */ = {
			isa = XCConfigurationList;
			buildConfigurations = (
				6A8E92E21D1C5F8200C502B1 /* Debug */,
				6A8E92E31D1C5F8200C502B1 /* Release */,
			);
			defaultConfigurationIsVisible = 0;
			defaultConfigurationName = Release;
		};
		6A8E92E41D1C5F8200C502B1 /* Build configuration list for PBXNativeTarget "NTConnotation" */ = {
			isa = XCConfigurationList;
			buildConfigurations = (
				6A8E92E51D1C5F8200C502B1 /* Debug */,
				6A8E92E61D1C5F8200C502B1 /* Release */,
			);
			defaultConfigurationIsVisible = 0;
			defaultConfigurationName = Release;
		};
		6A8E92E71D1C5F8200C502B1 /* Build configuration list for PBXNativeTarget "NTConnotationTests" */ = {
			isa = XCConfigurationList;
			buildConfigurations = (
				6A8E92E81D1C5F8200C502B1 /* Debug */,
				6A8E92E91D1C5F8200C502B1 /* Release */,
			);
			defaultConfigurationIsVisible = 0;
			defaultConfigurationName = Release;
		};
		6A8E92EA1D1C5F8200C502B1 /* Build configuration list for PBXNativeTarget "NTConnotationUITests" */ = {
			isa = XCConfigurationList;
			buildConfigurations = (
				6A8E92EB1D1C5F8200C502B1 /* Debug */,
				6A8E92EC1D1C5F8200C502B1 /* Release */,
			);
			defaultConfigurationIsVisible = 0;
			defaultConfigurationName = Release;
		};
/* End XCConfigurationList section */
	};
	rootObject = 6A8E92AF1D1C5F8200C502B1 /* Project object */;
}
