// !$*UTF8*$!
{
	archiveVersion = 1;
	classes = {
	};
	objectVersion = 46;
	objects = {

/* Begin PBXBuildFile section */
		6A25D0361D21A51E00BACA9D /* main.m in Sources */ = {isa = PBXBuildFile; fileRef = 6A25D02F1D21A51E00BACA9D /* main.m */; };
		6A25D0381D21A51E00BACA9D /* NTTabBarViewController.m in Sources */ = {isa = PBXBuildFile; fileRef = 6A25D0351D21A51E00BACA9D /* NTTabBarViewController.m */; };
		6A45FE6E1D2CEEDC0005B813 /* NTEssenceTableViewController.m in Sources */ = {isa = PBXBuildFile; fileRef = 6A45FE6D1D2CEEDC0005B813 /* NTEssenceTableViewController.m */; };
		6A45FE711D2CEEF80005B813 /* NTLatestTableViewController.m in Sources */ = {isa = PBXBuildFile; fileRef = 6A45FE701D2CEEF80005B813 /* NTLatestTableViewController.m */; };
		6A45FE741D2CEF0A0005B813 /* NTAttentionTableViewController.m in Sources */ = {isa = PBXBuildFile; fileRef = 6A45FE731D2CEF0A0005B813 /* NTAttentionTableViewController.m */; };
		6A45FE771D2CEF1A0005B813 /* NTInformationTableViewController.m in Sources */ = {isa = PBXBuildFile; fileRef = 6A45FE761D2CEF1A0005B813 /* NTInformationTableViewController.m */; };
		6A45FE7A1D2CF02E0005B813 /* NTNavigationController.m in Sources */ = {isa = PBXBuildFile; fileRef = 6A45FE791D2CF02E0005B813 /* NTNavigationController.m */; };
		6A45FE801D2CF5610005B813 /* NTTestViewController.m in Sources */ = {isa = PBXBuildFile; fileRef = 6A45FE7F1D2CF5610005B813 /* NTTestViewController.m */; };
		6A45FE831D2CF5E90005B813 /* UIBarButtonItem+Custom.m in Sources */ = {isa = PBXBuildFile; fileRef = 6A45FE821D2CF5E90005B813 /* UIBarButtonItem+Custom.m */; };
		6A8E92C71D1C5F8200C502B1 /* Assets.xcassets in Resources */ = {isa = PBXBuildFile; fileRef = 6A8E92C61D1C5F8200C502B1 /* Assets.xcassets */; };
		6A8E92D51D1C5F8200C502B1 /* NTConnotationTests.m in Sources */ = {isa = PBXBuildFile; fileRef = 6A8E92D41D1C5F8200C502B1 /* NTConnotationTests.m */; };
		6A8E92E01D1C5F8200C502B1 /* NTConnotationUITests.m in Sources */ = {isa = PBXBuildFile; fileRef = 6A8E92DF1D1C5F8200C502B1 /* NTConnotationUITests.m */; };
		6AFE0D7B1D22EBDD008045C0 /* UIButton+Extension.m in Sources */ = {isa = PBXBuildFile; fileRef = 6AFE0D781D22EBDD008045C0 /* UIButton+Extension.m */; };
		6AFE0D7C1D22EBDD008045C0 /* UIView+Extension.m in Sources */ = {isa = PBXBuildFile; fileRef = 6AFE0D7A1D22EBDD008045C0 /* UIView+Extension.m */; };
		6AFE0D7F1D22EC5E008045C0 /* AppDelegate.m in Sources */ = {isa = PBXBuildFile; fileRef = 6AFE0D7E1D22EC5E008045C0 /* AppDelegate.m */; };
		6AFE0D821D22ECB8008045C0 /* NTTabBar.m in Sources */ = {isa = PBXBuildFile; fileRef = 6AFE0D811D22ECB8008045C0 /* NTTabBar.m */; };
/* End PBXBuildFile section */

/* Begin PBXContainerItemProxy section */
		6A8E92D11D1C5F8200C502B1 /* PBXContainerItemProxy */ = {
			isa = PBXContainerItemProxy;
			containerPortal = 6A8E92AF1D1C5F8200C502B1 /* Project object */;
			proxyType = 1;
			remoteGlobalIDString = 6A8E92B61D1C5F8200C502B1;
			remoteInfo = NTConnotation;
		};
		6A8E92DC1D1C5F8200C502B1 /* PBXContainerItemProxy */ = {
			isa = PBXContainerItemProxy;
			containerPortal = 6A8E92AF1D1C5F8200C502B1 /* Project object */;
			proxyType = 1;
			remoteGlobalIDString = 6A8E92B61D1C5F8200C502B1;
			remoteInfo = NTConnotation;
		};
/* End PBXContainerItemProxy section */

/* Begin PBXFileReference section */
		6A25D02F1D21A51E00BACA9D /* main.m */ = {isa = PBXFileReference; fileEncoding = 4; lastKnownFileType = sourcecode.c.objc; path = main.m; sourceTree = "<group>"; };
		6A25D0301D21A51E00BACA9D /* PrefixHeader.pch */ = {isa = PBXFileReference; fileEncoding = 4; lastKnownFileType = sourcecode.c.h; path = PrefixHeader.pch; sourceTree = "<group>"; };
		6A25D0341D21A51E00BACA9D /* NTTabBarViewController.h */ = {isa = PBXFileReference; fileEncoding = 4; lastKnownFileType = sourcecode.c.h; path = NTTabBarViewController.h; sourceTree = "<group>"; };
		6A25D0351D21A51E00BACA9D /* NTTabBarViewController.m */ = {isa = PBXFileReference; fileEncoding = 4; lastKnownFileType = sourcecode.c.objc; path = NTTabBarViewController.m; sourceTree = "<group>"; };
		6A45FE6C1D2CEEDC0005B813 /* NTEssenceTableViewController.h */ = {isa = PBXFileReference; fileEncoding = 4; lastKnownFileType = sourcecode.c.h; path = NTEssenceTableViewController.h; sourceTree = "<group>"; };
		6A45FE6D1D2CEEDC0005B813 /* NTEssenceTableViewController.m */ = {isa = PBXFileReference; fileEncoding = 4; lastKnownFileType = sourcecode.c.objc; path = NTEssenceTableViewController.m; sourceTree = "<group>"; };
		6A45FE6F1D2CEEF80005B813 /* NTLatestTableViewController.h */ = {isa = PBXFileReference; fileEncoding = 4; lastKnownFileType = sourcecode.c.h; path = NTLatestTableViewController.h; sourceTree = "<group>"; };
		6A45FE701D2CEEF80005B813 /* NTLatestTableViewController.m */ = {isa = PBXFileReference; fileEncoding = 4; lastKnownFileType = sourcecode.c.objc; path = NTLatestTableViewController.m; sourceTree = "<group>"; };
		6A45FE721D2CEF0A0005B813 /* NTAttentionTableViewController.h */ = {isa = PBXFileReference; fileEncoding = 4; lastKnownFileType = sourcecode.c.h; path = NTAttentionTableViewController.h; sourceTree = "<group>"; };
		6A45FE731D2CEF0A0005B813 /* NTAttentionTableViewController.m */ = {isa = PBXFileReference; fileEncoding = 4; lastKnownFileType = sourcecode.c.objc; path = NTAttentionTableViewController.m; sourceTree = "<group>"; };
		6A45FE751D2CEF1A0005B813 /* NTInformationTableViewController.h */ = {isa = PBXFileReference; fileEncoding = 4; lastKnownFileType = sourcecode.c.h; path = NTInformationTableViewController.h; sourceTree = "<group>"; };
		6A45FE761D2CEF1A0005B813 /* NTInformationTableViewController.m */ = {isa = PBXFileReference; fileEncoding = 4; lastKnownFileType = sourcecode.c.objc; path = NTInformationTableViewController.m; sourceTree = "<group>"; };
		6A45FE781D2CF02E0005B813 /* NTNavigationController.h */ = {isa = PBXFileReference; fileEncoding = 4; lastKnownFileType = sourcecode.c.h; path = NTNavigationController.h; sourceTree = "<group>"; };
		6A45FE791D2CF02E0005B813 /* NTNavigationController.m */ = {isa = PBXFileReference; fileEncoding = 4; lastKnownFileType = sourcecode.c.objc; path = NTNavigationController.m; sourceTree = "<group>"; };
		6A45FE7E1D2CF5610005B813 /* NTTestViewController.h */ = {isa = PBXFileReference; fileEncoding = 4; lastKnownFileType = sourcecode.c.h; path = NTTestViewController.h; sourceTree = "<group>"; };
		6A45FE7F1D2CF5610005B813 /* NTTestViewController.m */ = {isa = PBXFileReference; fileEncoding = 4; lastKnownFileType = sourcecode.c.objc; path = NTTestViewController.m; sourceTree = "<group>"; };
		6A45FE811D2CF5E90005B813 /* UIBarButtonItem+Custom.h */ = {isa = PBXFileReference; fileEncoding = 4; lastKnownFileType = sourcecode.c.h; path = "UIBarButtonItem+Custom.h"; sourceTree = "<group>"; };
		6A45FE821D2CF5E90005B813 /* UIBarButtonItem+Custom.m */ = {isa = PBXFileReference; fileEncoding = 4; lastKnownFileType = sourcecode.c.objc; path = "UIBarButtonItem+Custom.m"; sourceTree = "<group>"; };
		6A8E92B71D1C5F8200C502B1 /* NTConnotation.app */ = {isa = PBXFileReference; explicitFileType = wrapper.application; includeInIndex = 0; path = NTConnotation.app; sourceTree = BUILT_PRODUCTS_DIR; };
		6A8E92C61D1C5F8200C502B1 /* Assets.xcassets */ = {isa = PBXFileReference; lastKnownFileType = folder.assetcatalog; path = Assets.xcassets; sourceTree = "<group>"; };
		6A8E92CB1D1C5F8200C502B1 /* Info.plist */ = {isa = PBXFileReference; lastKnownFileType = text.plist.xml; path = Info.plist; sourceTree = "<group>"; };
		6A8E92D01D1C5F8200C502B1 /* NTConnotationTests.xctest */ = {isa = PBXFileReference; explicitFileType = wrapper.cfbundle; includeInIndex = 0; path = NTConnotationTests.xctest; sourceTree = BUILT_PRODUCTS_DIR; };
		6A8E92D41D1C5F8200C502B1 /* NTConnotationTests.m */ = {isa = PBXFileReference; lastKnownFileType = sourcecode.c.objc; path = NTConnotationTests.m; sourceTree = "<group>"; };
		6A8E92D61D1C5F8200C502B1 /* Info.plist */ = {isa = PBXFileReference; lastKnownFileType = text.plist.xml; path = Info.plist; sourceTree = "<group>"; };
		6A8E92DB1D1C5F8200C502B1 /* NTConnotationUITests.xctest */ = {isa = PBXFileReference; explicitFileType = wrapper.cfbundle; includeInIndex = 0; path = NTConnotationUITests.xctest; sourceTree = BUILT_PRODUCTS_DIR; };
		6A8E92DF1D1C5F8200C502B1 /* NTConnotationUITests.m */ = {isa = PBXFileReference; lastKnownFileType = sourcecode.c.objc; path = NTConnotationUITests.m; sourceTree = "<group>"; };
		6A8E92E11D1C5F8200C502B1 /* Info.plist */ = {isa = PBXFileReference; lastKnownFileType = text.plist.xml; path = Info.plist; sourceTree = "<group>"; };
		6AFE0D771D22EBDD008045C0 /* UIButton+Extension.h */ = {isa = PBXFileReference; fileEncoding = 4; lastKnownFileType = sourcecode.c.h; path = "UIButton+Extension.h"; sourceTree = "<group>"; };
		6AFE0D781D22EBDD008045C0 /* UIButton+Extension.m */ = {isa = PBXFileReference; fileEncoding = 4; lastKnownFileType = sourcecode.c.objc; path = "UIButton+Extension.m"; sourceTree = "<group>"; };
		6AFE0D791D22EBDD008045C0 /* UIView+Extension.h */ = {isa = PBXFileReference; fileEncoding = 4; lastKnownFileType = sourcecode.c.h; path = "UIView+Extension.h"; sourceTree = "<group>"; };
		6AFE0D7A1D22EBDD008045C0 /* UIView+Extension.m */ = {isa = PBXFileReference; fileEncoding = 4; lastKnownFileType = sourcecode.c.objc; path = "UIView+Extension.m"; sourceTree = "<group>"; };
		6AFE0D7D1D22EC5E008045C0 /* AppDelegate.h */ = {isa = PBXFileReference; fileEncoding = 4; lastKnownFileType = sourcecode.c.h; path = AppDelegate.h; sourceTree = "<group>"; };
		6AFE0D7E1D22EC5E008045C0 /* AppDelegate.m */ = {isa = PBXFileReference; fileEncoding = 4; lastKnownFileType = sourcecode.c.objc; path = AppDelegate.m; sourceTree = "<group>"; };
		6AFE0D801D22ECB8008045C0 /* NTTabBar.h */ = {isa = PBXFileReference; fileEncoding = 4; lastKnownFileType = sourcecode.c.h; path = NTTabBar.h; sourceTree = "<group>"; };
		6AFE0D811D22ECB8008045C0 /* NTTabBar.m */ = {isa = PBXFileReference; fileEncoding = 4; lastKnownFileType = sourcecode.c.objc; path = NTTabBar.m; sourceTree = "<group>"; };
/* End PBXFileReference section */

/* Begin PBXFrameworksBuildPhase section */
		6A8E92B41D1C5F8200C502B1 /* Frameworks */ = {
			isa = PBXFrameworksBuildPhase;
			buildActionMask = 2147483647;
			files = (
			);
			runOnlyForDeploymentPostprocessing = 0;
		};
		6A8E92CD1D1C5F8200C502B1 /* Frameworks */ = {
			isa = PBXFrameworksBuildPhase;
			buildActionMask = 2147483647;
			files = (
			);
			runOnlyForDeploymentPostprocessing = 0;
		};
		6A8E92D81D1C5F8200C502B1 /* Frameworks */ = {
			isa = PBXFrameworksBuildPhase;
			buildActionMask = 2147483647;
			files = (
			);
			runOnlyForDeploymentPostprocessing = 0;
		};
/* End PBXFrameworksBuildPhase section */

/* Begin PBXGroup section */
		6A25D02E1D21A51E00BACA9D /* Others */ = {
			isa = PBXGroup;
			children = (
				6AFE0D7D1D22EC5E008045C0 /* AppDelegate.h */,
				6AFE0D7E1D22EC5E008045C0 /* AppDelegate.m */,
				6A25D02F1D21A51E00BACA9D /* main.m */,
				6A25D0301D21A51E00BACA9D /* PrefixHeader.pch */,
			);
			path = Others;
			sourceTree = "<group>";
		};
		6A25D0311D21A51E00BACA9D /* Primary */ = {
			isa = PBXGroup;
			children = (
				6A25D0341D21A51E00BACA9D /* NTTabBarViewController.h */,
				6A25D0351D21A51E00BACA9D /* NTTabBarViewController.m */,
				6AFE0D801D22ECB8008045C0 /* NTTabBar.h */,
				6AFE0D811D22ECB8008045C0 /* NTTabBar.m */,
				6A45FE781D2CF02E0005B813 /* NTNavigationController.h */,
				6A45FE791D2CF02E0005B813 /* NTNavigationController.m */,
			);
			path = Primary;
			sourceTree = "<group>";
		};
		6A45FE601D2CEB790005B813 /* Controller */ = {
			isa = PBXGroup;
			children = (
				6A45FE6C1D2CEEDC0005B813 /* NTEssenceTableViewController.h */,
				6A45FE6D1D2CEEDC0005B813 /* NTEssenceTableViewController.m */,
				6A45FE7E1D2CF5610005B813 /* NTTestViewController.h */,
				6A45FE7F1D2CF5610005B813 /* NTTestViewController.m */,
			);
			path = Controller;
			sourceTree = "<group>";
		};
		6A45FE611D2CEB790005B813 /* Model */ = {
			isa = PBXGroup;
			children = (
			);
			path = Model;
			sourceTree = "<group>";
		};
		6A45FE621D2CEB790005B813 /* View */ = {
			isa = PBXGroup;
			children = (
			);
			path = View;
			sourceTree = "<group>";
		};
		6A45FE631D2CEB850005B813 /* Controller */ = {
			isa = PBXGroup;
			children = (
				6A45FE6F1D2CEEF80005B813 /* NTLatestTableViewController.h */,
				6A45FE701D2CEEF80005B813 /* NTLatestTableViewController.m */,
			);
			path = Controller;
			sourceTree = "<group>";
		};
		6A45FE641D2CEB850005B813 /* Model */ = {
			isa = PBXGroup;
			children = (
			);
			path = Model;
			sourceTree = "<group>";
		};
		6A45FE651D2CEB850005B813 /* View */ = {
			isa = PBXGroup;
			children = (
			);
			path = View;
			sourceTree = "<group>";
		};
		6A45FE661D2CEB940005B813 /* Controller */ = {
			isa = PBXGroup;
			children = (
				6A45FE721D2CEF0A0005B813 /* NTAttentionTableViewController.h */,
				6A45FE731D2CEF0A0005B813 /* NTAttentionTableViewController.m */,
			);
			path = Controller;
			sourceTree = "<group>";
		};
		6A45FE671D2CEB940005B813 /* Model */ = {
			isa = PBXGroup;
			children = (
			);
			path = Model;
			sourceTree = "<group>";
		};
		6A45FE681D2CEB940005B813 /* View */ = {
			isa = PBXGroup;
			children = (
			);
			path = View;
			sourceTree = "<group>";
		};
		6A45FE691D2CEB9B0005B813 /* Controller */ = {
			isa = PBXGroup;
			children = (
				6A45FE751D2CEF1A0005B813 /* NTInformationTableViewController.h */,
				6A45FE761D2CEF1A0005B813 /* NTInformationTableViewController.m */,
			);
			path = Controller;
			sourceTree = "<group>";
		};
		6A45FE6A1D2CEB9B0005B813 /* Model */ = {
			isa = PBXGroup;
			children = (
			);
			path = Model;
			sourceTree = "<group>";
		};
		6A45FE6B1D2CEB9B0005B813 /* View */ = {
			isa = PBXGroup;
			children = (
			);
			path = View;
			sourceTree = "<group>";
		};
		6A8E92AE1D1C5F8200C502B1 = {
			isa = PBXGroup;
			children = (
				6A8E92B91D1C5F8200C502B1 /* NTConnotation */,
				6A8E92D31D1C5F8200C502B1 /* NTConnotationTests */,
				6A8E92DE1D1C5F8200C502B1 /* NTConnotationUITests */,
				6A8E92B81D1C5F8200C502B1 /* Products */,
			);
			sourceTree = "<group>";
		};
		6A8E92B81D1C5F8200C502B1 /* Products */ = {
			isa = PBXGroup;
			children = (
				6A8E92B71D1C5F8200C502B1 /* NTConnotation.app */,
				6A8E92D01D1C5F8200C502B1 /* NTConnotationTests.xctest */,
				6A8E92DB1D1C5F8200C502B1 /* NTConnotationUITests.xctest */,
			);
			name = Products;
			sourceTree = "<group>";
		};
		6A8E92B91D1C5F8200C502B1 /* NTConnotation */ = {
			isa = PBXGroup;
			children = (
				6A9865891D21A04C0091206B /* Main */,
				6A9865861D21A04C0091206B /* Essence */,
				6A9865881D21A04C0091206B /* Latest */,
				6A9865851D21A04C0091206B /* Attention */,
				6A9865871D21A04C0091206B /* Information */,
				6A8E92BA1D1C5F8200C502B1 /* Supporting Files */,
			);
			path = NTConnotation;
			sourceTree = "<group>";
		};
		6A8E92BA1D1C5F8200C502B1 /* Supporting Files */ = {
			isa = PBXGroup;
			children = (
				6A8E92C61D1C5F8200C502B1 /* Assets.xcassets */,
				6A8E92CB1D1C5F8200C502B1 /* Info.plist */,
			);
			name = "Supporting Files";
			sourceTree = "<group>";
		};
		6A8E92D31D1C5F8200C502B1 /* NTConnotationTests */ = {
			isa = PBXGroup;
			children = (
				6A8E92D41D1C5F8200C502B1 /* NTConnotationTests.m */,
				6A8E92D61D1C5F8200C502B1 /* Info.plist */,
			);
			path = NTConnotationTests;
			sourceTree = "<group>";
		};
		6A8E92DE1D1C5F8200C502B1 /* NTConnotationUITests */ = {
			isa = PBXGroup;
			children = (
				6A8E92DF1D1C5F8200C502B1 /* NTConnotationUITests.m */,
				6A8E92E11D1C5F8200C502B1 /* Info.plist */,
			);
			path = NTConnotationUITests;
			sourceTree = "<group>";
		};
		6A9865851D21A04C0091206B /* Attention */ = {
			isa = PBXGroup;
			children = (
				6A45FE661D2CEB940005B813 /* Controller */,
				6A45FE671D2CEB940005B813 /* Model */,
				6A45FE681D2CEB940005B813 /* View */,
			);
			path = Attention;
			sourceTree = "<group>";
		};
		6A9865861D21A04C0091206B /* Essence */ = {
			isa = PBXGroup;
			children = (
				6A45FE601D2CEB790005B813 /* Controller */,
				6A45FE611D2CEB790005B813 /* Model */,
				6A45FE621D2CEB790005B813 /* View */,
			);
			path = Essence;
			sourceTree = "<group>";
		};
		6A9865871D21A04C0091206B /* Information */ = {
			isa = PBXGroup;
			children = (
				6A45FE691D2CEB9B0005B813 /* Controller */,
				6A45FE6A1D2CEB9B0005B813 /* Model */,
				6A45FE6B1D2CEB9B0005B813 /* View */,
			);
			path = Information;
			sourceTree = "<group>";
		};
		6A9865881D21A04C0091206B /* Latest */ = {
			isa = PBXGroup;
			children = (
				6A45FE631D2CEB850005B813 /* Controller */,
				6A45FE641D2CEB850005B813 /* Model */,
				6A45FE651D2CEB850005B813 /* View */,
			);
			path = Latest;
			sourceTree = "<group>";
		};
		6A9865891D21A04C0091206B /* Main */ = {
			isa = PBXGroup;
			children = (
				6A25D0311D21A51E00BACA9D /* Primary */,
				6A25D02E1D21A51E00BACA9D /* Others */,
				6AFE0D761D22EBDD008045C0 /* Category */,
			);
			path = Main;
			sourceTree = "<group>";
		};
		6AFE0D761D22EBDD008045C0 /* Category */ = {
			isa = PBXGroup;
			children = (
				6AFE0D771D22EBDD008045C0 /* UIButton+Extension.h */,
				6AFE0D781D22EBDD008045C0 /* UIButton+Extension.m */,
				6AFE0D791D22EBDD008045C0 /* UIView+Extension.h */,
				6AFE0D7A1D22EBDD008045C0 /* UIView+Extension.m */,
				6A45FE811D2CF5E90005B813 /* UIBarButtonItem+Custom.h */,
				6A45FE821D2CF5E90005B813 /* UIBarButtonItem+Custom.m */,
			);
			path = Category;
			sourceTree = "<group>";
		};
/* End PBXGroup section */

/* Begin PBXNativeTarget section */
		6A8E92B61D1C5F8200C502B1 /* NTConnotation */ = {
			isa = PBXNativeTarget;
			buildConfigurationList = 6A8E92E41D1C5F8200C502B1 /* Build configuration list for PBXNativeTarget "NTConnotation" */;
			buildPhases = (
				6A8E92B31D1C5F8200C502B1 /* Sources */,
				6A8E92B41D1C5F8200C502B1 /* Frameworks */,
				6A8E92B51D1C5F8200C502B1 /* Resources */,
			);
			buildRules = (
			);
			dependencies = (
			);
			name = NTConnotation;
			productName = NTConnotation;
			productReference = 6A8E92B71D1C5F8200C502B1 /* NTConnotation.app */;
			productType = "com.apple.product-type.application";
		};
		6A8E92CF1D1C5F8200C502B1 /* NTConnotationTests */ = {
			isa = PBXNativeTarget;
			buildConfigurationList = 6A8E92E71D1C5F8200C502B1 /* Build configuration list for PBXNativeTarget "NTConnotationTests" */;
			buildPhases = (
				6A8E92CC1D1C5F8200C502B1 /* Sources */,
				6A8E92CD1D1C5F8200C502B1 /* Frameworks */,
				6A8E92CE1D1C5F8200C502B1 /* Resources */,
			);
			buildRules = (
			);
			dependencies = (
				6A8E92D21D1C5F8200C502B1 /* PBXTargetDependency */,
			);
			name = NTConnotationTests;
			productName = NTConnotationTests;
			productReference = 6A8E92D01D1C5F8200C502B1 /* NTConnotationTests.xctest */;
			productType = "com.apple.product-type.bundle.unit-test";
		};
		6A8E92DA1D1C5F8200C502B1 /* NTConnotationUITests */ = {
			isa = PBXNativeTarget;
			buildConfigurationList = 6A8E92EA1D1C5F8200C502B1 /* Build configuration list for PBXNativeTarget "NTConnotationUITests" */;
			buildPhases = (
				6A8E92D71D1C5F8200C502B1 /* Sources */,
				6A8E92D81D1C5F8200C502B1 /* Frameworks */,
				6A8E92D91D1C5F8200C502B1 /* Resources */,
			);
			buildRules = (
			);
			dependencies = (
				6A8E92DD1D1C5F8200C502B1 /* PBXTargetDependency */,
			);
			name = NTConnotationUITests;
			productName = NTConnotationUITests;
			productReference = 6A8E92DB1D1C5F8200C502B1 /* NTConnotationUITests.xctest */;
			productType = "com.apple.product-type.bundle.ui-testing";
		};
/* End PBXNativeTarget section */

/* Begin PBXProject section */
		6A8E92AF1D1C5F8200C502B1 /* Project object */ = {
			isa = PBXProject;
			attributes = {
				CLASSPREFIX = NT;
				LastUpgradeCheck = 0730;
				ORGANIZATIONNAME = nineteen;
				TargetAttributes = {
					6A8E92B61D1C5F8200C502B1 = {
						CreatedOnToolsVersion = 7.3.1;
						DevelopmentTeam = 43H54M6JEQ;
					};
					6A8E92CF1D1C5F8200C502B1 = {
						CreatedOnToolsVersion = 7.3.1;
						DevelopmentTeam = 43H54M6JEQ;
						TestTargetID = 6A8E92B61D1C5F8200C502B1;
					};
					6A8E92DA1D1C5F8200C502B1 = {
						CreatedOnToolsVersion = 7.3.1;
						DevelopmentTeam = 43H54M6JEQ;
						TestTargetID = 6A8E92B61D1C5F8200C502B1;
					};
				};
			};
			buildConfigurationList = 6A8E92B21D1C5F8200C502B1 /* Build configuration list for PBXProject "NTConnotation" */;
			compatibilityVersion = "Xcode 3.2";
			developmentRegion = English;
			hasScannedForEncodings = 0;
			knownRegions = (
				en,
				Base,
			);
			mainGroup = 6A8E92AE1D1C5F8200C502B1;
			productRefGroup = 6A8E92B81D1C5F8200C502B1 /* Products */;
			projectDirPath = "";
			projectRoot = "";
			targets = (
				6A8E92B61D1C5F8200C502B1 /* NTConnotation */,
				6A8E92CF1D1C5F8200C502B1 /* NTConnotationTests */,
				6A8E92DA1D1C5F8200C502B1 /* NTConnotationUITests */,
			);
		};
/* End PBXProject section */

/* Begin PBXResourcesBuildPhase section */
		6A8E92B51D1C5F8200C502B1 /* Resources */ = {
			isa = PBXResourcesBuildPhase;
			buildActionMask = 2147483647;
			files = (
				6A8E92C71D1C5F8200C502B1 /* Assets.xcassets in Resources */,
			);
			runOnlyForDeploymentPostprocessing = 0;
		};
		6A8E92CE1D1C5F8200C502B1 /* Resources */ = {
			isa = PBXResourcesBuildPhase;
			buildActionMask = 2147483647;
			files = (
			);
			runOnlyForDeploymentPostprocessing = 0;
		};
		6A8E92D91D1C5F8200C502B1 /* Resources */ = {
			isa = PBXResourcesBuildPhase;
			buildActionMask = 2147483647;
			files = (
			);
			runOnlyForDeploymentPostprocessing = 0;
		};
/* End PBXResourcesBuildPhase section */

/* Begin PBXSourcesBuildPhase section */
		6A8E92B31D1C5F8200C502B1 /* Sources */ = {
			isa = PBXSourcesBuildPhase;
			buildActionMask = 2147483647;
			files = (
				6A45FE741D2CEF0A0005B813 /* NTAttentionTableViewController.m in Sources */,
				6AFE0D7C1D22EBDD008045C0 /* UIView+Extension.m in Sources */,
				6A45FE801D2CF5610005B813 /* NTTestViewController.m in Sources */,
				6A45FE771D2CEF1A0005B813 /* NTInformationTableViewController.m in Sources */,
				6AFE0D821D22ECB8008045C0 /* NTTabBar.m in Sources */,
				6AFE0D7F1D22EC5E008045C0 /* AppDelegate.m in Sources */,
				6AFE0D7B1D22EBDD008045C0 /* UIButton+Extension.m in Sources */,
				6A45FE6E1D2CEEDC0005B813 /* NTEssenceTableViewController.m in Sources */,
				6A45FE831D2CF5E90005B813 /* UIBarButtonItem+Custom.m in Sources */,
				6A25D0381D21A51E00BACA9D /* NTTabBarViewController.m in Sources */,
				6A45FE711D2CEEF80005B813 /* NTLatestTableViewController.m in Sources */,
				6A45FE7A1D2CF02E0005B813 /* NTNavigationController.m in Sources */,
				6A25D0361D21A51E00BACA9D /* main.m in Sources */,
			);
			runOnlyForDeploymentPostprocessing = 0;
		};
		6A8E92CC1D1C5F8200C502B1 /* Sources */ = {
			isa = PBXSourcesBuildPhase;
			buildActionMask = 2147483647;
			files = (
				6A8E92D51D1C5F8200C502B1 /* NTConnotationTests.m in Sources */,
			);
			runOnlyForDeploymentPostprocessing = 0;
		};
		6A8E92D71D1C5F8200C502B1 /* Sources */ = {
			isa = PBXSourcesBuildPhase;
			buildActionMask = 2147483647;
			files = (
				6A8E92E01D1C5F8200C502B1 /* NTConnotationUITests.m in Sources */,
			);
			runOnlyForDeploymentPostprocessing = 0;
		};
/* End PBXSourcesBuildPhase section */

/* Begin PBXTargetDependency section */
		6A8E92D21D1C5F8200C502B1 /* PBXTargetDependency */ = {
			isa = PBXTargetDependency;
			target = 6A8E92B61D1C5F8200C502B1 /* NTConnotation */;
			targetProxy = 6A8E92D11D1C5F8200C502B1 /* PBXContainerItemProxy */;
		};
		6A8E92DD1D1C5F8200C502B1 /* PBXTargetDependency */ = {
			isa = PBXTargetDependency;
			target = 6A8E92B61D1C5F8200C502B1 /* NTConnotation */;
			targetProxy = 6A8E92DC1D1C5F8200C502B1 /* PBXContainerItemProxy */;
		};
/* End PBXTargetDependency section */

/* Begin XCBuildConfiguration section */
		6A8E92E21D1C5F8200C502B1 /* Debug */ = {
			isa = XCBuildConfiguration;
			buildSettings = {
				ALWAYS_SEARCH_USER_PATHS = NO;
				CLANG_ANALYZER_NONNULL = YES;
				CLANG_CXX_LANGUAGE_STANDARD = "gnu++0x";
				CLANG_CXX_LIBRARY = "libc++";
				CLANG_ENABLE_MODULES = YES;
				CLANG_ENABLE_OBJC_ARC = YES;
				CLANG_WARN_BOOL_CONVERSION = YES;
				CLANG_WARN_CONSTANT_CONVERSION = YES;
				CLANG_WARN_DIRECT_OBJC_ISA_USAGE = YES_ERROR;
				CLANG_WARN_EMPTY_BODY = YES;
				CLANG_WARN_ENUM_CONVERSION = YES;
				CLANG_WARN_INT_CONVERSION = YES;
				CLANG_WARN_OBJC_ROOT_CLASS = YES_ERROR;
				CLANG_WARN_UNREACHABLE_CODE = YES;
				CLANG_WARN__DUPLICATE_METHOD_MATCH = YES;
				"CODE_SIGN_IDENTITY[sdk=iphoneos*]" = "iPhone Developer";
				COPY_PHASE_STRIP = NO;
				DEBUG_INFORMATION_FORMAT = dwarf;
				ENABLE_STRICT_OBJC_MSGSEND = YES;
				ENABLE_TESTABILITY = YES;
				GCC_C_LANGUAGE_STANDARD = gnu99;
				GCC_DYNAMIC_NO_PIC = NO;
				GCC_NO_COMMON_BLOCKS = YES;
				GCC_OPTIMIZATION_LEVEL = 0;
				GCC_PREPROCESSOR_DEFINITIONS = (
					"DEBUG=1",
					"$(inherited)",
				);
				GCC_WARN_64_TO_32_BIT_CONVERSION = YES;
				GCC_WARN_ABOUT_RETURN_TYPE = YES_ERROR;
				GCC_WARN_UNDECLARED_SELECTOR = YES;
				GCC_WARN_UNINITIALIZED_AUTOS = YES_AGGRESSIVE;
				GCC_WARN_UNUSED_FUNCTION = YES;
				GCC_WARN_UNUSED_VARIABLE = YES;
				IPHONEOS_DEPLOYMENT_TARGET = 9.3;
				MTL_ENABLE_DEBUG_INFO = YES;
				ONLY_ACTIVE_ARCH = YES;
				SDKROOT = iphoneos;
			};
			name = Debug;
		};
		6A8E92E31D1C5F8200C502B1 /* Release */ = {
			isa = XCBuildConfiguration;
			buildSettings = {
				ALWAYS_SEARCH_USER_PATHS = NO;
				CLANG_ANALYZER_NONNULL = YES;
				CLANG_CXX_LANGUAGE_STANDARD = "gnu++0x";
				CLANG_CXX_LIBRARY = "libc++";
				CLANG_ENABLE_MODULES = YES;
				CLANG_ENABLE_OBJC_ARC = YES;
				CLANG_WARN_BOOL_CONVERSION = YES;
				CLANG_WARN_CONSTANT_CONVERSION = YES;
				CLANG_WARN_DIRECT_OBJC_ISA_USAGE = YES_ERROR;
				CLANG_WARN_EMPTY_BODY = YES;
				CLANG_WARN_ENUM_CONVERSION = YES;
				CLANG_WARN_INT_CONVERSION = YES;
				CLANG_WARN_OBJC_ROOT_CLASS = YES_ERROR;
				CLANG_WARN_UNREACHABLE_CODE = YES;
				CLANG_WARN__DUPLICATE_METHOD_MATCH = YES;
				"CODE_SIGN_IDENTITY[sdk=iphoneos*]" = "iPhone Developer";
				COPY_PHASE_STRIP = NO;
				DEBUG_INFORMATION_FORMAT = "dwarf-with-dsym";
				ENABLE_NS_ASSERTIONS = NO;
				ENABLE_STRICT_OBJC_MSGSEND = YES;
				GCC_C_LANGUAGE_STANDARD = gnu99;
				GCC_NO_COMMON_BLOCKS = YES;
				GCC_WARN_64_TO_32_BIT_CONVERSION = YES;
				GCC_WARN_ABOUT_RETURN_TYPE = YES_ERROR;
				GCC_WARN_UNDECLARED_SELECTOR = YES;
				GCC_WARN_UNINITIALIZED_AUTOS = YES_AGGRESSIVE;
				GCC_WARN_UNUSED_FUNCTION = YES;
				GCC_WARN_UNUSED_VARIABLE = YES;
				IPHONEOS_DEPLOYMENT_TARGET = 9.3;
				MTL_ENABLE_DEBUG_INFO = NO;
				SDKROOT = iphoneos;
				VALIDATE_PRODUCT = YES;
			};
			name = Release;
		};
		6A8E92E51D1C5F8200C502B1 /* Debug */ = {
			isa = XCBuildConfiguration;
			buildSettings = {
				ASSETCATALOG_COMPILER_APPICON_NAME = AppIcon;
				ASSETCATALOG_COMPILER_LAUNCHIMAGE_NAME = LaunchImage;
				GCC_PRECOMPILE_PREFIX_HEADER = YES;
				GCC_PREFIX_HEADER = "$(SRCROOT)/NTConnotation/Main/Others/PrefixHeader.pch";
				INFOPLIST_FILE = NTConnotation/Info.plist;
				LD_RUNPATH_SEARCH_PATHS = "$(inherited) @executable_path/Frameworks";
				PRODUCT_BUNDLE_IDENTIFIER = me.nineteen.NTConnotation;
				PRODUCT_NAME = "$(TARGET_NAME)";
			};
			name = Debug;
		};
		6A8E92E61D1C5F8200C502B1 /* Release */ = {
			isa = XCBuildConfiguration;
			buildSettings = {
				ASSETCATALOG_COMPILER_APPICON_NAME = AppIcon;
				ASSETCATALOG_COMPILER_LAUNCHIMAGE_NAME = LaunchImage;
				GCC_PRECOMPILE_PREFIX_HEADER = YES;
				GCC_PREFIX_HEADER = "$(SRCROOT)/NTConnotation/Main/Others/PrefixHeader.pch";
				INFOPLIST_FILE = NTConnotation/Info.plist;
				LD_RUNPATH_SEARCH_PATHS = "$(inherited) @executable_path/Frameworks";
				PRODUCT_BUNDLE_IDENTIFIER = me.nineteen.NTConnotation;
				PRODUCT_NAME = "$(TARGET_NAME)";
			};
			name = Release;
		};
		6A8E92E81D1C5F8200C502B1 /* Debug */ = {
			isa = XCBuildConfiguration;
			buildSettings = {
				BUNDLE_LOADER = "$(TEST_HOST)";
				INFOPLIST_FILE = NTConnotationTests/Info.plist;
				LD_RUNPATH_SEARCH_PATHS = "$(inherited) @executable_path/Frameworks @loader_path/Frameworks";
				PRODUCT_BUNDLE_IDENTIFIER = me.nineteen.NTConnotationTests;
				PRODUCT_NAME = "$(TARGET_NAME)";
				TEST_HOST = "$(BUILT_PRODUCTS_DIR)/NTConnotation.app/NTConnotation";
			};
			name = Debug;
		};
		6A8E92E91D1C5F8200C502B1 /* Release */ = {
			isa = XCBuildConfiguration;
			buildSettings = {
				BUNDLE_LOADER = "$(TEST_HOST)";
				INFOPLIST_FILE = NTConnotationTests/Info.plist;
				LD_RUNPATH_SEARCH_PATHS = "$(inherited) @executable_path/Frameworks @loader_path/Frameworks";
				PRODUCT_BUNDLE_IDENTIFIER = me.nineteen.NTConnotationTests;
				PRODUCT_NAME = "$(TARGET_NAME)";
				TEST_HOST = "$(BUILT_PRODUCTS_DIR)/NTConnotation.app/NTConnotation";
			};
			name = Release;
		};
		6A8E92EB1D1C5F8200C502B1 /* Debug */ = {
			isa = XCBuildConfiguration;
			buildSettings = {
				INFOPLIST_FILE = NTConnotationUITests/Info.plist;
				LD_RUNPATH_SEARCH_PATHS = "$(inherited) @executable_path/Frameworks @loader_path/Frameworks";
				PRODUCT_BUNDLE_IDENTIFIER = me.nineteen.NTConnotationUITests;
				PRODUCT_NAME = "$(TARGET_NAME)";
				TEST_TARGET_NAME = NTConnotation;
			};
			name = Debug;
		};
		6A8E92EC1D1C5F8200C502B1 /* Release */ = {
			isa = XCBuildConfiguration;
			buildSettings = {
				INFOPLIST_FILE = NTConnotationUITests/Info.plist;
				LD_RUNPATH_SEARCH_PATHS = "$(inherited) @executable_path/Frameworks @loader_path/Frameworks";
				PRODUCT_BUNDLE_IDENTIFIER = me.nineteen.NTConnotationUITests;
				PRODUCT_NAME = "$(TARGET_NAME)";
				TEST_TARGET_NAME = NTConnotation;
			};
			name = Release;
		};
/* End XCBuildConfiguration section */

/* Begin XCConfigurationList section */
		6A8E92B21D1C5F8200C502B1 /* Build configuration list for PBXProject "NTConnotation" */ = {
			isa = XCConfigurationList;
			buildConfigurations = (
				6A8E92E21D1C5F8200C502B1 /* Debug */,
				6A8E92E31D1C5F8200C502B1 /* Release */,
			);
			defaultConfigurationIsVisible = 0;
			defaultConfigurationName = Release;
		};
		6A8E92E41D1C5F8200C502B1 /* Build configuration list for PBXNativeTarget "NTConnotation" */ = {
			isa = XCConfigurationList;
			buildConfigurations = (
				6A8E92E51D1C5F8200C502B1 /* Debug */,
				6A8E92E61D1C5F8200C502B1 /* Release */,
			);
			defaultConfigurationIsVisible = 0;
			defaultConfigurationName = Release;
		};
		6A8E92E71D1C5F8200C502B1 /* Build configuration list for PBXNativeTarget "NTConnotationTests" */ = {
			isa = XCConfigurationList;
			buildConfigurations = (
				6A8E92E81D1C5F8200C502B1 /* Debug */,
				6A8E92E91D1C5F8200C502B1 /* Release */,
			);
			defaultConfigurationIsVisible = 0;
			defaultConfigurationName = Release;
		};
		6A8E92EA1D1C5F8200C502B1 /* Build configuration list for PBXNativeTarget "NTConnotationUITests" */ = {
			isa = XCConfigurationList;
			buildConfigurations = (
				6A8E92EB1D1C5F8200C502B1 /* Debug */,
				6A8E92EC1D1C5F8200C502B1 /* Release */,
			);
			defaultConfigurationIsVisible = 0;
			defaultConfigurationName = Release;
		};
/* End XCConfigurationList section */
	};
	rootObject = 6A8E92AF1D1C5F8200C502B1 /* Project object */;
}
